PODS:
  - Alamofire (4.9.1)
  - EFFoundation (1.1.1):
    - EFFoundation/Core (= 1.1.1)
  - EFFoundation/Core (1.1.1)
  - EFQRCode (5.1.3):
    - EFFoundation (>= 1.1.1)
    - EFQRCode/Core (= 5.1.3)
  - EFQRCode/Core (5.1.3):
    - EFFoundation (>= 1.1.1)
  - FSPagerView (0.8.3)
  - HandyJSON (5.0.1)
  - IQKeyboardManagerSwift (6.5.4)
  - Kingfisher (4.10.1)
  - MBProgressHUD (1.1.0)
  - MJRefresh (3.2.2)
  - SnapKit (4.2.0)
  - SwiftyFitsize (1.0.1)
  - UICircularProgressRing (6.4.0)
  - YYText (1.0.7)

DEPENDENCIES:
  - Alamofire
  - EFQRCode
  - FSPagerView
  - HandyJSON
  - IQKeyboardManagerSwift
  - Kingfisher
  - MBProgressHUD
  - MJRefresh
  - SnapKit
  - SwiftyFitsize
  - UICircularProgressRing
  - YYText

SPEC REPOS:
  https://github.com/cocoapods/specs.git:
    - Alamofire
    - EFFoundation
    - EFQRCode
    - FSPagerView
    - HandyJSON
    - IQKeyboardManagerSwift
    - Kingfisher
    - MBProgressHUD
    - MJRefresh
    - SnapKit
    - SwiftyFitsize
    - UICircularProgressRing
    - YYText

SPEC CHECKSUMS:
  Alamofire: 85e8a02c69d6020a0d734f6054870d7ecb75cf18
  EFFoundation: 26a2731ace3e22cf5f7bb45d28c6afbc945959dd
  EFQRCode: 0979a5c181864085ca7f317b5b5c7b5bf496ad0e
  FSPagerView: 670405b2f18e2a87fa37f20b00de783e562c25a8
  HandyJSON: d45b8415c501e3affc59ca9762c1197ff0feb646
  IQKeyboardManagerSwift: 2dde0fc70110e8eac7ccce2a46fdbec6a850b414
  Kingfisher: c148cd7b47ebde9989f6bc7c27dcaa79d81279a0
  MBProgressHUD: e7baa36a220447d8aeb12769bf0585582f3866d9
  MJRefresh: 72a46ecaa2a0feaf48fc5198dff95f25f8bb27c6
  SnapKit: fe8a619752f3f27075cc9a90244d75c6c3f27e2a
  SwiftyFitsize: ea06788e0c57b818112e238070bdfa9800aedc21
  UICircularProgressRing: 907613633e76e561b972a3868c95517d14c71006
  YYText: 5c461d709e24d55a182d1441c41dc639a18a4849

PODFILE CHECKSUM: c34e84b3387124e4fc427f2f5ee579626b1ac6eb

COCOAPODS: 1.7.5
