// !$*UTF8*$!
{
	archiveVersion = 1;
	classes = {
	};
	objectVersion = 51;
	objects = {

/* Begin PBXBuildFile section */
		7C0AEA4423A72C2E00CF5A87 /* FYSetNewPasswordVC.swift in Sources */ = {isa = PBXBuildFile; fileRef = 7C0AEA4323A72C2E00CF5A87 /* FYSetNewPasswordVC.swift */; };
		7C0AEA4623A77CF600CF5A87 /* FYUserModel.swift in Sources */ = {isa = PBXBuildFile; fileRef = 7C0AEA4523A77CF600CF5A87 /* FYUserModel.swift */; };
		7C0AEA4823A78DB100CF5A87 /* FYMyTeamVC.swift in Sources */ = {isa = PBXBuildFile; fileRef = 7C0AEA4723A78DB100CF5A87 /* FYMyTeamVC.swift */; };
		7C25388923A8755800268805 /* FYAssetsModel.swift in Sources */ = {isa = PBXBuildFile; fileRef = 7C25388823A8755800268805 /* FYAssetsModel.swift */; };
		7C25388B23A8804600268805 /* FYWithdrawModel.swift in Sources */ = {isa = PBXBuildFile; fileRef = 7C25388A23A8804600268805 /* FYWithdrawModel.swift */; };
		7C25388D23A8CE5900268805 /* FYBillModel.swift in Sources */ = {isa = PBXBuildFile; fileRef = 7C25388C23A8CE5900268805 /* FYBillModel.swift */; };
		7C25388F23A8D6A000268805 /* FYRushOrderModel.swift in Sources */ = {isa = PBXBuildFile; fileRef = 7C25388E23A8D6A000268805 /* FYRushOrderModel.swift */; };
		7C7D216523A1D8760083587F /* FYAssetsVC.swift in Sources */ = {isa = PBXBuildFile; fileRef = 7C7D216423A1D8760083587F /* FYAssetsVC.swift */; };
		7C7D216723A1DBD90083587F /* FYAdvertisementCell.swift in Sources */ = {isa = PBXBuildFile; fileRef = 7C7D216623A1DBD90083587F /* FYAdvertisementCell.swift */; };
		7C7D216923A1DBFC0083587F /* FYInformationCell.swift in Sources */ = {isa = PBXBuildFile; fileRef = 7C7D216823A1DBFC0083587F /* FYInformationCell.swift */; };
		7C942E9923A08FB60064816A /* FYLoginVC.swift in Sources */ = {isa = PBXBuildFile; fileRef = 7C942E9823A08FB60064816A /* FYLoginVC.swift */; };
		7C942E9B23A093F80064816A /* LanguageHelper.swift in Sources */ = {isa = PBXBuildFile; fileRef = 7C942E9A23A093F80064816A /* LanguageHelper.swift */; };
		7C942E9E23A0954C0064816A /* Localizable.strings in Resources */ = {isa = PBXBuildFile; fileRef = 7C942EA023A0954C0064816A /* Localizable.strings */; };
		7C942EA323A0C0BA0064816A /* FYRegisterVC.swift in Sources */ = {isa = PBXBuildFile; fileRef = 7C942EA223A0C0BA0064816A /* FYRegisterVC.swift */; };
		7C942EA523A0F21F0064816A /* FYFindPasswordVC.swift in Sources */ = {isa = PBXBuildFile; fileRef = 7C942EA423A0F21F0064816A /* FYFindPasswordVC.swift */; };
		7C9C0D2123A388D500BFE14F /* FYOrderCell.swift in Sources */ = {isa = PBXBuildFile; fileRef = 7C9C0D2023A388D500BFE14F /* FYOrderCell.swift */; };
		7C9C0D2323A3AAA300BFE14F /* FYMyCell.swift in Sources */ = {isa = PBXBuildFile; fileRef = 7C9C0D2223A3AAA300BFE14F /* FYMyCell.swift */; };
		7CB7FBC323A35DD200A5804B /* FYRushOrderCell.swift in Sources */ = {isa = PBXBuildFile; fileRef = 7CB7FBC223A35DD200A5804B /* FYRushOrderCell.swift */; };
		7CCAD22C23A25C6400EF5A11 /* JJMarqueeView.swift in Sources */ = {isa = PBXBuildFile; fileRef = 7CCAD22B23A25C6400EF5A11 /* JJMarqueeView.swift */; };
		7CE2CCB823A476B3008EB9AB /* FYBillVC.swift in Sources */ = {isa = PBXBuildFile; fileRef = 7CE2CCB723A476B3008EB9AB /* FYBillVC.swift */; };
		7CE2CCBA23A47AFB008EB9AB /* FYBillCell.swift in Sources */ = {isa = PBXBuildFile; fileRef = 7CE2CCB923A47AFB008EB9AB /* FYBillCell.swift */; };
		7CE2CCBC23A4AD73008EB9AB /* FYRechargeVC.swift in Sources */ = {isa = PBXBuildFile; fileRef = 7CE2CCBB23A4AD73008EB9AB /* FYRechargeVC.swift */; };
		7CE2CCCC23A4D99D008EB9AB /* FYWithdrawVC.swift in Sources */ = {isa = PBXBuildFile; fileRef = 7CE2CCCB23A4D99C008EB9AB /* FYWithdrawVC.swift */; };
		7CE2CD0B23A4FA30008EB9AB /* GScanManager.swift in Sources */ = {isa = PBXBuildFile; fileRef = 7CE2CD0823A4FA2F008EB9AB /* GScanManager.swift */; };
		7CE2CD0C23A4FA30008EB9AB /* ScanProtocol.swift in Sources */ = {isa = PBXBuildFile; fileRef = 7CE2CD0923A4FA2F008EB9AB /* ScanProtocol.swift */; };
		7CE2CD0D23A4FA30008EB9AB /* GQScanViewController.swift in Sources */ = {isa = PBXBuildFile; fileRef = 7CE2CD0A23A4FA2F008EB9AB /* GQScanViewController.swift */; };
		7CE2CD0F23A4FEA8008EB9AB /* FYRushOrderDetailVC.swift in Sources */ = {isa = PBXBuildFile; fileRef = 7CE2CD0E23A4FEA8008EB9AB /* FYRushOrderDetailVC.swift */; };
		7CE2CD1123A51811008EB9AB /* FYApplicationVC.swift in Sources */ = {isa = PBXBuildFile; fileRef = 7CE2CD1023A51811008EB9AB /* FYApplicationVC.swift */; };
		7CE2CD1323A5190D008EB9AB /* FYApplicationCell.swift in Sources */ = {isa = PBXBuildFile; fileRef = 7CE2CD1223A5190D008EB9AB /* FYApplicationCell.swift */; };
		7CF6EA0F239F31E10077DB90 /* FYUSDTTests.swift in Sources */ = {isa = PBXBuildFile; fileRef = 7CF6EA0E239F31E10077DB90 /* FYUSDTTests.swift */; };
		7CF6EA1A239F31E10077DB90 /* FYUSDTUITests.swift in Sources */ = {isa = PBXBuildFile; fileRef = 7CF6EA19239F31E10077DB90 /* FYUSDTUITests.swift */; };
		7CF6EA2A239F44050077DB90 /* MBProgressHUD+Swift.swift in Sources */ = {isa = PBXBuildFile; fileRef = 7CF6EA29239F44050077DB90 /* MBProgressHUD+Swift.swift */; };
		7CF6EA2C239F444E0077DB90 /* FYTool.swift in Sources */ = {isa = PBXBuildFile; fileRef = 7CF6EA2B239F444E0077DB90 /* FYTool.swift */; };
		7CF6EA32239F46820077DB90 /* FYConfig.swift in Sources */ = {isa = PBXBuildFile; fileRef = 7CF6EA31239F46820077DB90 /* FYConfig.swift */; };
		7CF6EA34239F47AE0077DB90 /* FYColor.swift in Sources */ = {isa = PBXBuildFile; fileRef = 7CF6EA33239F47AE0077DB90 /* FYColor.swift */; };
		7CF6EA3B239F49B30077DB90 /* FYUITextField.swift in Sources */ = {isa = PBXBuildFile; fileRef = 7CF6EA3A239F49B30077DB90 /* FYUITextField.swift */; };
		7CF6EA3D239F49D30077DB90 /* FYButtonLayout.swift in Sources */ = {isa = PBXBuildFile; fileRef = 7CF6EA3C239F49D30077DB90 /* FYButtonLayout.swift */; };
		7CF6EA47239F4B300077DB90 /* AppDelegate.swift in Sources */ = {isa = PBXBuildFile; fileRef = 7CF6EA3F239F4B300077DB90 /* AppDelegate.swift */; };
		7CF6EA48239F4B300077DB90 /* Assets.xcassets in Resources */ = {isa = PBXBuildFile; fileRef = 7CF6EA40239F4B300077DB90 /* Assets.xcassets */; };
		7CF6EA62239F4C570077DB90 /* LaunchScreen.storyboard in Resources */ = {isa = PBXBuildFile; fileRef = 7CF6EA5E239F4C570077DB90 /* LaunchScreen.storyboard */; };
		7CF6EA63239F4C570077DB90 /* Main.storyboard in Resources */ = {isa = PBXBuildFile; fileRef = 7CF6EA60239F4C570077DB90 /* Main.storyboard */; };
		7CF6EA7B239F6E730077DB90 /* FYTabbarVC.swift in Sources */ = {isa = PBXBuildFile; fileRef = 7CF6EA7A239F6E730077DB90 /* FYTabbarVC.swift */; };
		7CF6EA7D239F6F050077DB90 /* FYHomeVC.swift in Sources */ = {isa = PBXBuildFile; fileRef = 7CF6EA7C239F6F050077DB90 /* FYHomeVC.swift */; };
		7CF6EA7F239F6F690077DB90 /* FYRushOrderVC.swift in Sources */ = {isa = PBXBuildFile; fileRef = 7CF6EA7E239F6F690077DB90 /* FYRushOrderVC.swift */; };
		7CF6EA81239F6F7D0077DB90 /* FYOrderVC.swift in Sources */ = {isa = PBXBuildFile; fileRef = 7CF6EA80239F6F7D0077DB90 /* FYOrderVC.swift */; };
		7CF6EA83239F6FAA0077DB90 /* FYMyVC.swift in Sources */ = {isa = PBXBuildFile; fileRef = 7CF6EA82239F6FAA0077DB90 /* FYMyVC.swift */; };
		7CF6EAC5239F7A410077DB90 /* FYUrlManager.swift in Sources */ = {isa = PBXBuildFile; fileRef = 7CF6EAC4239F7A410077DB90 /* FYUrlManager.swift */; };
		7CF6EAC7239F7C050077DB90 /* FYRequestManager.swift in Sources */ = {isa = PBXBuildFile; fileRef = 7CF6EAC6239F7C050077DB90 /* FYRequestManager.swift */; };
		7CF6EAC9239F8A970077DB90 /* tsetModel.swift in Sources */ = {isa = PBXBuildFile; fileRef = 7CF6EAC8239F8A970077DB90 /* tsetModel.swift */; };
		BDD6C1C7950A4F1B78C8E68D /* Pods_FYUSDT.framework in Frameworks */ = {isa = PBXBuildFile; fileRef = 539760C1DB9B81D77A945F6E /* Pods_FYUSDT.framework */; };
/* End PBXBuildFile section */

/* Begin PBXContainerItemProxy section */
		7CF6EA0B239F31E10077DB90 /* PBXContainerItemProxy */ = {
			isa = PBXContainerItemProxy;
			containerPortal = 7CF6E9EC239F31DF0077DB90 /* Project object */;
			proxyType = 1;
			remoteGlobalIDString = 7CF6E9F3239F31DF0077DB90;
			remoteInfo = FYUSDT;
		};
		7CF6EA16239F31E10077DB90 /* PBXContainerItemProxy */ = {
			isa = PBXContainerItemProxy;
			containerPortal = 7CF6E9EC239F31DF0077DB90 /* Project object */;
			proxyType = 1;
			remoteGlobalIDString = 7CF6E9F3239F31DF0077DB90;
			remoteInfo = FYUSDT;
		};
/* End PBXContainerItemProxy section */

/* Begin PBXFileReference section */
		2EF533C0DE6E826A069FCF18 /* Pods-FYUSDT.release.xcconfig */ = {isa = PBXFileReference; includeInIndex = 1; lastKnownFileType = text.xcconfig; name = "Pods-FYUSDT.release.xcconfig"; path = "Target Support Files/Pods-FYUSDT/Pods-FYUSDT.release.xcconfig"; sourceTree = "<group>"; };
		539760C1DB9B81D77A945F6E /* Pods_FYUSDT.framework */ = {isa = PBXFileReference; explicitFileType = wrapper.framework; includeInIndex = 0; path = Pods_FYUSDT.framework; sourceTree = BUILT_PRODUCTS_DIR; };
		7C0AEA4323A72C2E00CF5A87 /* FYSetNewPasswordVC.swift */ = {isa = PBXFileReference; lastKnownFileType = sourcecode.swift; path = FYSetNewPasswordVC.swift; sourceTree = "<group>"; };
		7C0AEA4523A77CF600CF5A87 /* FYUserModel.swift */ = {isa = PBXFileReference; lastKnownFileType = sourcecode.swift; path = FYUserModel.swift; sourceTree = "<group>"; };
		7C0AEA4723A78DB100CF5A87 /* FYMyTeamVC.swift */ = {isa = PBXFileReference; lastKnownFileType = sourcecode.swift; path = FYMyTeamVC.swift; sourceTree = "<group>"; };
		7C25388823A8755800268805 /* FYAssetsModel.swift */ = {isa = PBXFileReference; lastKnownFileType = sourcecode.swift; path = FYAssetsModel.swift; sourceTree = "<group>"; };
		7C25388A23A8804600268805 /* FYWithdrawModel.swift */ = {isa = PBXFileReference; lastKnownFileType = sourcecode.swift; path = FYWithdrawModel.swift; sourceTree = "<group>"; };
		7C25388C23A8CE5900268805 /* FYBillModel.swift */ = {isa = PBXFileReference; lastKnownFileType = sourcecode.swift; path = FYBillModel.swift; sourceTree = "<group>"; };
		7C25388E23A8D6A000268805 /* FYRushOrderModel.swift */ = {isa = PBXFileReference; lastKnownFileType = sourcecode.swift; path = FYRushOrderModel.swift; sourceTree = "<group>"; };
		7C7D216423A1D8760083587F /* FYAssetsVC.swift */ = {isa = PBXFileReference; lastKnownFileType = sourcecode.swift; path = FYAssetsVC.swift; sourceTree = "<group>"; };
		7C7D216623A1DBD90083587F /* FYAdvertisementCell.swift */ = {isa = PBXFileReference; lastKnownFileType = sourcecode.swift; path = FYAdvertisementCell.swift; sourceTree = "<group>"; };
		7C7D216823A1DBFC0083587F /* FYInformationCell.swift */ = {isa = PBXFileReference; lastKnownFileType = sourcecode.swift; path = FYInformationCell.swift; sourceTree = "<group>"; };
		7C942E9823A08FB60064816A /* FYLoginVC.swift */ = {isa = PBXFileReference; lastKnownFileType = sourcecode.swift; path = FYLoginVC.swift; sourceTree = "<group>"; };
		7C942E9A23A093F80064816A /* LanguageHelper.swift */ = {isa = PBXFileReference; fileEncoding = 4; lastKnownFileType = sourcecode.swift; path = LanguageHelper.swift; sourceTree = "<group>"; };
		7C942E9F23A0954C0064816A /* en */ = {isa = PBXFileReference; lastKnownFileType = text.plist.strings; name = en; path = en.lproj/Localizable.strings; sourceTree = "<group>"; };
		7C942EA123A0957E0064816A /* zh-Hans */ = {isa = PBXFileReference; lastKnownFileType = text.plist.strings; name = "zh-Hans"; path = "zh-Hans.lproj/Localizable.strings"; sourceTree = "<group>"; };
		7C942EA223A0C0BA0064816A /* FYRegisterVC.swift */ = {isa = PBXFileReference; lastKnownFileType = sourcecode.swift; path = FYRegisterVC.swift; sourceTree = "<group>"; };
		7C942EA423A0F21F0064816A /* FYFindPasswordVC.swift */ = {isa = PBXFileReference; lastKnownFileType = sourcecode.swift; path = FYFindPasswordVC.swift; sourceTree = "<group>"; };
		7C9C0D2023A388D500BFE14F /* FYOrderCell.swift */ = {isa = PBXFileReference; lastKnownFileType = sourcecode.swift; path = FYOrderCell.swift; sourceTree = "<group>"; };
		7C9C0D2223A3AAA300BFE14F /* FYMyCell.swift */ = {isa = PBXFileReference; lastKnownFileType = sourcecode.swift; path = FYMyCell.swift; sourceTree = "<group>"; };
		7CB7FBC223A35DD200A5804B /* FYRushOrderCell.swift */ = {isa = PBXFileReference; lastKnownFileType = sourcecode.swift; path = FYRushOrderCell.swift; sourceTree = "<group>"; };
		7CCAD22B23A25C6400EF5A11 /* JJMarqueeView.swift */ = {isa = PBXFileReference; fileEncoding = 4; lastKnownFileType = sourcecode.swift; path = JJMarqueeView.swift; sourceTree = "<group>"; };
		7CE2CCB723A476B3008EB9AB /* FYBillVC.swift */ = {isa = PBXFileReference; lastKnownFileType = sourcecode.swift; path = FYBillVC.swift; sourceTree = "<group>"; };
		7CE2CCB923A47AFB008EB9AB /* FYBillCell.swift */ = {isa = PBXFileReference; lastKnownFileType = sourcecode.swift; path = FYBillCell.swift; sourceTree = "<group>"; };
		7CE2CCBB23A4AD73008EB9AB /* FYRechargeVC.swift */ = {isa = PBXFileReference; lastKnownFileType = sourcecode.swift; path = FYRechargeVC.swift; sourceTree = "<group>"; };
		7CE2CCCB23A4D99C008EB9AB /* FYWithdrawVC.swift */ = {isa = PBXFileReference; lastKnownFileType = sourcecode.swift; path = FYWithdrawVC.swift; sourceTree = "<group>"; };
		7CE2CD0823A4FA2F008EB9AB /* GScanManager.swift */ = {isa = PBXFileReference; fileEncoding = 4; lastKnownFileType = sourcecode.swift; path = GScanManager.swift; sourceTree = "<group>"; };
		7CE2CD0923A4FA2F008EB9AB /* ScanProtocol.swift */ = {isa = PBXFileReference; fileEncoding = 4; lastKnownFileType = sourcecode.swift; path = ScanProtocol.swift; sourceTree = "<group>"; };
		7CE2CD0A23A4FA2F008EB9AB /* GQScanViewController.swift */ = {isa = PBXFileReference; fileEncoding = 4; lastKnownFileType = sourcecode.swift; path = GQScanViewController.swift; sourceTree = "<group>"; };
		7CE2CD0E23A4FEA8008EB9AB /* FYRushOrderDetailVC.swift */ = {isa = PBXFileReference; lastKnownFileType = sourcecode.swift; path = FYRushOrderDetailVC.swift; sourceTree = "<group>"; };
		7CE2CD1023A51811008EB9AB /* FYApplicationVC.swift */ = {isa = PBXFileReference; lastKnownFileType = sourcecode.swift; path = FYApplicationVC.swift; sourceTree = "<group>"; };
		7CE2CD1223A5190D008EB9AB /* FYApplicationCell.swift */ = {isa = PBXFileReference; lastKnownFileType = sourcecode.swift; path = FYApplicationCell.swift; sourceTree = "<group>"; };
		7CF6E9F4239F31DF0077DB90 /* FYUSDT.app */ = {isa = PBXFileReference; explicitFileType = wrapper.application; includeInIndex = 0; path = FYUSDT.app; sourceTree = BUILT_PRODUCTS_DIR; };
		7CF6EA0A239F31E10077DB90 /* FYUSDTTests.xctest */ = {isa = PBXFileReference; explicitFileType = wrapper.cfbundle; includeInIndex = 0; path = FYUSDTTests.xctest; sourceTree = BUILT_PRODUCTS_DIR; };
		7CF6EA0E239F31E10077DB90 /* FYUSDTTests.swift */ = {isa = PBXFileReference; lastKnownFileType = sourcecode.swift; path = FYUSDTTests.swift; sourceTree = "<group>"; };
		7CF6EA10239F31E10077DB90 /* Info.plist */ = {isa = PBXFileReference; lastKnownFileType = text.plist.xml; path = Info.plist; sourceTree = "<group>"; };
		7CF6EA15239F31E10077DB90 /* FYUSDTUITests.xctest */ = {isa = PBXFileReference; explicitFileType = wrapper.cfbundle; includeInIndex = 0; path = FYUSDTUITests.xctest; sourceTree = BUILT_PRODUCTS_DIR; };
		7CF6EA19239F31E10077DB90 /* FYUSDTUITests.swift */ = {isa = PBXFileReference; lastKnownFileType = sourcecode.swift; path = FYUSDTUITests.swift; sourceTree = "<group>"; };
		7CF6EA1B239F31E10077DB90 /* Info.plist */ = {isa = PBXFileReference; lastKnownFileType = text.plist.xml; path = Info.plist; sourceTree = "<group>"; };
		7CF6EA28239F426F0077DB90 /* FYUSDT-Bridging-Header.h */ = {isa = PBXFileReference; lastKnownFileType = sourcecode.c.h; path = "FYUSDT-Bridging-Header.h"; sourceTree = "<group>"; };
		7CF6EA29239F44050077DB90 /* MBProgressHUD+Swift.swift */ = {isa = PBXFileReference; fileEncoding = 4; lastKnownFileType = sourcecode.swift; path = "MBProgressHUD+Swift.swift"; sourceTree = "<group>"; };
		7CF6EA2B239F444E0077DB90 /* FYTool.swift */ = {isa = PBXFileReference; lastKnownFileType = sourcecode.swift; path = FYTool.swift; sourceTree = "<group>"; };
		7CF6EA31239F46820077DB90 /* FYConfig.swift */ = {isa = PBXFileReference; lastKnownFileType = sourcecode.swift; path = FYConfig.swift; sourceTree = "<group>"; };
		7CF6EA33239F47AE0077DB90 /* FYColor.swift */ = {isa = PBXFileReference; lastKnownFileType = sourcecode.swift; path = FYColor.swift; sourceTree = "<group>"; };
		7CF6EA3A239F49B30077DB90 /* FYUITextField.swift */ = {isa = PBXFileReference; lastKnownFileType = sourcecode.swift; path = FYUITextField.swift; sourceTree = "<group>"; };
		7CF6EA3C239F49D30077DB90 /* FYButtonLayout.swift */ = {isa = PBXFileReference; lastKnownFileType = sourcecode.swift; path = FYButtonLayout.swift; sourceTree = "<group>"; };
		7CF6EA3F239F4B300077DB90 /* AppDelegate.swift */ = {isa = PBXFileReference; fileEncoding = 4; lastKnownFileType = sourcecode.swift; path = AppDelegate.swift; sourceTree = "<group>"; };
		7CF6EA40239F4B300077DB90 /* Assets.xcassets */ = {isa = PBXFileReference; lastKnownFileType = folder.assetcatalog; path = Assets.xcassets; sourceTree = "<group>"; };
		7CF6EA5F239F4C570077DB90 /* Base */ = {isa = PBXFileReference; lastKnownFileType = file.storyboard; name = Base; path = Base.lproj/LaunchScreen.storyboard; sourceTree = "<group>"; };
		7CF6EA61239F4C570077DB90 /* Base */ = {isa = PBXFileReference; lastKnownFileType = file.storyboard; name = Base; path = Base.lproj/Main.storyboard; sourceTree = "<group>"; };
		7CF6EA64239F4C900077DB90 /* Info.plist */ = {isa = PBXFileReference; fileEncoding = 4; lastKnownFileType = text.plist.xml; path = Info.plist; sourceTree = "<group>"; };
		7CF6EA7A239F6E730077DB90 /* FYTabbarVC.swift */ = {isa = PBXFileReference; lastKnownFileType = sourcecode.swift; path = FYTabbarVC.swift; sourceTree = "<group>"; };
		7CF6EA7C239F6F050077DB90 /* FYHomeVC.swift */ = {isa = PBXFileReference; lastKnownFileType = sourcecode.swift; path = FYHomeVC.swift; sourceTree = "<group>"; };
		7CF6EA7E239F6F690077DB90 /* FYRushOrderVC.swift */ = {isa = PBXFileReference; lastKnownFileType = sourcecode.swift; path = FYRushOrderVC.swift; sourceTree = "<group>"; };
		7CF6EA80239F6F7D0077DB90 /* FYOrderVC.swift */ = {isa = PBXFileReference; lastKnownFileType = sourcecode.swift; path = FYOrderVC.swift; sourceTree = "<group>"; };
		7CF6EA82239F6FAA0077DB90 /* FYMyVC.swift */ = {isa = PBXFileReference; lastKnownFileType = sourcecode.swift; path = FYMyVC.swift; sourceTree = "<group>"; };
		7CF6EAC4239F7A410077DB90 /* FYUrlManager.swift */ = {isa = PBXFileReference; lastKnownFileType = sourcecode.swift; path = FYUrlManager.swift; sourceTree = "<group>"; };
		7CF6EAC6239F7C050077DB90 /* FYRequestManager.swift */ = {isa = PBXFileReference; lastKnownFileType = sourcecode.swift; path = FYRequestManager.swift; sourceTree = "<group>"; };
		7CF6EAC8239F8A970077DB90 /* tsetModel.swift */ = {isa = PBXFileReference; lastKnownFileType = sourcecode.swift; path = tsetModel.swift; sourceTree = "<group>"; };
		A873B45E6FEE4BF7F7C0C130 /* Pods-FYUSDT.debug.xcconfig */ = {isa = PBXFileReference; includeInIndex = 1; lastKnownFileType = text.xcconfig; name = "Pods-FYUSDT.debug.xcconfig"; path = "Target Support Files/Pods-FYUSDT/Pods-FYUSDT.debug.xcconfig"; sourceTree = "<group>"; };
/* End PBXFileReference section */

/* Begin PBXFrameworksBuildPhase section */
		7CF6E9F1239F31DF0077DB90 /* Frameworks */ = {
			isa = PBXFrameworksBuildPhase;
			buildActionMask = 2147483647;
			files = (
				BDD6C1C7950A4F1B78C8E68D /* Pods_FYUSDT.framework in Frameworks */,
			);
			runOnlyForDeploymentPostprocessing = 0;
		};
		7CF6EA07239F31E10077DB90 /* Frameworks */ = {
			isa = PBXFrameworksBuildPhase;
			buildActionMask = 2147483647;
			files = (
			);
			runOnlyForDeploymentPostprocessing = 0;
		};
		7CF6EA12239F31E10077DB90 /* Frameworks */ = {
			isa = PBXFrameworksBuildPhase;
			buildActionMask = 2147483647;
			files = (
			);
			runOnlyForDeploymentPostprocessing = 0;
		};
/* End PBXFrameworksBuildPhase section */

/* Begin PBXGroup section */
		01F3DAABE865DC18A10CE99D /* Pods */ = {
			isa = PBXGroup;
			children = (
				A873B45E6FEE4BF7F7C0C130 /* Pods-FYUSDT.debug.xcconfig */,
				2EF533C0DE6E826A069FCF18 /* Pods-FYUSDT.release.xcconfig */,
			);
			path = Pods;
			sourceTree = "<group>";
		};
		7C7D216023A1D84D0083587F /* Assets */ = {
			isa = PBXGroup;
			children = (
				7C7D216123A1D84D0083587F /* Controller */,
				7C7D216223A1D84D0083587F /* Model */,
				7C7D216323A1D84D0083587F /* View */,
			);
			path = Assets;
			sourceTree = "<group>";
		};
		7C7D216123A1D84D0083587F /* Controller */ = {
			isa = PBXGroup;
			children = (
				7C7D216423A1D8760083587F /* FYAssetsVC.swift */,
				7CE2CCBB23A4AD73008EB9AB /* FYRechargeVC.swift */,
				7CE2CCCB23A4D99C008EB9AB /* FYWithdrawVC.swift */,
			);
			path = Controller;
			sourceTree = "<group>";
		};
		7C7D216223A1D84D0083587F /* Model */ = {
			isa = PBXGroup;
			children = (
				7C25388823A8755800268805 /* FYAssetsModel.swift */,
				7C25388A23A8804600268805 /* FYWithdrawModel.swift */,
			);
			path = Model;
			sourceTree = "<group>";
		};
		7C7D216323A1D84D0083587F /* View */ = {
			isa = PBXGroup;
			children = (
			);
			path = View;
			sourceTree = "<group>";
		};
		7C942E9523A08BF00064816A /* Login */ = {
			isa = PBXGroup;
			children = (
				7C942E9623A08BF00064816A /* Controller */,
				7C942E9723A08BF00064816A /* Model */,
			);
			path = Login;
			sourceTree = "<group>";
		};
		7C942E9623A08BF00064816A /* Controller */ = {
			isa = PBXGroup;
			children = (
				7C942E9823A08FB60064816A /* FYLoginVC.swift */,
				7C942EA223A0C0BA0064816A /* FYRegisterVC.swift */,
				7C942EA423A0F21F0064816A /* FYFindPasswordVC.swift */,
				7C0AEA4323A72C2E00CF5A87 /* FYSetNewPasswordVC.swift */,
			);
			path = Controller;
			sourceTree = "<group>";
		};
		7C942E9723A08BF00064816A /* Model */ = {
			isa = PBXGroup;
			children = (
				7C0AEA4523A77CF600CF5A87 /* FYUserModel.swift */,
			);
			path = Model;
			sourceTree = "<group>";
		};
		7CE2CCB323A4769E008EB9AB /* Bill */ = {
			isa = PBXGroup;
			children = (
				7CE2CCB423A4769E008EB9AB /* Controller */,
				7CE2CCB523A4769E008EB9AB /* Model */,
				7CE2CCB623A4769E008EB9AB /* View */,
			);
			path = Bill;
			sourceTree = "<group>";
		};
		7CE2CCB423A4769E008EB9AB /* Controller */ = {
			isa = PBXGroup;
			children = (
				7CE2CCB723A476B3008EB9AB /* FYBillVC.swift */,
			);
			path = Controller;
			sourceTree = "<group>";
		};
		7CE2CCB523A4769E008EB9AB /* Model */ = {
			isa = PBXGroup;
			children = (
				7C25388C23A8CE5900268805 /* FYBillModel.swift */,
			);
			path = Model;
			sourceTree = "<group>";
		};
		7CE2CCB623A4769E008EB9AB /* View */ = {
			isa = PBXGroup;
			children = (
				7CE2CCB923A47AFB008EB9AB /* FYBillCell.swift */,
			);
			path = View;
			sourceTree = "<group>";
		};
		7CE2CD0723A4FA2F008EB9AB /* ScanCode */ = {
			isa = PBXGroup;
			children = (
				7CE2CD0823A4FA2F008EB9AB /* GScanManager.swift */,
				7CE2CD0923A4FA2F008EB9AB /* ScanProtocol.swift */,
				7CE2CD0A23A4FA2F008EB9AB /* GQScanViewController.swift */,
			);
			path = ScanCode;
			sourceTree = "<group>";
		};
		7CF6E9EB239F31DF0077DB90 = {
			isa = PBXGroup;
			children = (
				7CF6E9F6239F31DF0077DB90 /* FYUSDT */,
				7CF6EA0D239F31E10077DB90 /* FYUSDTTests */,
				7CF6EA18239F31E10077DB90 /* FYUSDTUITests */,
				7CF6E9F5239F31DF0077DB90 /* Products */,
				01F3DAABE865DC18A10CE99D /* Pods */,
				C377C83B7894F817E8952E1C /* Frameworks */,
			);
			sourceTree = "<group>";
		};
		7CF6E9F5239F31DF0077DB90 /* Products */ = {
			isa = PBXGroup;
			children = (
				7CF6E9F4239F31DF0077DB90 /* FYUSDT.app */,
				7CF6EA0A239F31E10077DB90 /* FYUSDTTests.xctest */,
				7CF6EA15239F31E10077DB90 /* FYUSDTUITests.xctest */,
			);
			name = Products;
			sourceTree = "<group>";
		};
		7CF6E9F6239F31DF0077DB90 /* FYUSDT */ = {
			isa = PBXGroup;
			children = (
				7CE2CCB323A4769E008EB9AB /* Bill */,
				7C942E9523A08BF00064816A /* Login */,
				7CF6EA75239F6BE20077DB90 /* Home */,
				7C7D216023A1D84D0083587F /* Assets */,
				7CF6EA70239F6BCD0077DB90 /* RushOrder */,
				7CF6EA6B239F6B7F0077DB90 /* Order */,
				7CF6EA66239F6B660077DB90 /* My */,
				7CF6EA27239F420C0077DB90 /* Tool */,
				7CF6EA35239F488F0077DB90 /* Category */,
				7CF6EA3E239F4AAB0077DB90 /* Resource */,
				7CF6EA64239F4C900077DB90 /* Info.plist */,
				7CF6EA5E239F4C570077DB90 /* LaunchScreen.storyboard */,
				7CF6EA60239F4C570077DB90 /* Main.storyboard */,
			);
			path = FYUSDT;
			sourceTree = "<group>";
		};
		7CF6EA0D239F31E10077DB90 /* FYUSDTTests */ = {
			isa = PBXGroup;
			children = (
				7CF6EA0E239F31E10077DB90 /* FYUSDTTests.swift */,
				7CF6EA10239F31E10077DB90 /* Info.plist */,
			);
			path = FYUSDTTests;
			sourceTree = "<group>";
		};
		7CF6EA18239F31E10077DB90 /* FYUSDTUITests */ = {
			isa = PBXGroup;
			children = (
				7CF6EA19239F31E10077DB90 /* FYUSDTUITests.swift */,
				7CF6EA1B239F31E10077DB90 /* Info.plist */,
			);
			path = FYUSDTUITests;
			sourceTree = "<group>";
		};
		7CF6EA27239F420C0077DB90 /* Tool */ = {
			isa = PBXGroup;
			children = (
				7CE2CD0723A4FA2F008EB9AB /* ScanCode */,
				7CCAD22B23A25C6400EF5A11 /* JJMarqueeView.swift */,
				7CF6EA29239F44050077DB90 /* MBProgressHUD+Swift.swift */,
				7CF6EA28239F426F0077DB90 /* FYUSDT-Bridging-Header.h */,
				7CF6EA2B239F444E0077DB90 /* FYTool.swift */,
				7CF6EA31239F46820077DB90 /* FYConfig.swift */,
				7CF6EA33239F47AE0077DB90 /* FYColor.swift */,
				7CF6EAC4239F7A410077DB90 /* FYUrlManager.swift */,
				7CF6EAC6239F7C050077DB90 /* FYRequestManager.swift */,
			);
			path = Tool;
			sourceTree = "<group>";
		};
		7CF6EA35239F488F0077DB90 /* Category */ = {
			isa = PBXGroup;
			children = (
				7CF6EA3A239F49B30077DB90 /* FYUITextField.swift */,
				7CF6EA3C239F49D30077DB90 /* FYButtonLayout.swift */,
			);
			path = Category;
			sourceTree = "<group>";
		};
		7CF6EA3E239F4AAB0077DB90 /* Resource */ = {
			isa = PBXGroup;
			children = (
				7C942E9A23A093F80064816A /* LanguageHelper.swift */,
				7CF6EA3F239F4B300077DB90 /* AppDelegate.swift */,
				7CF6EA40239F4B300077DB90 /* Assets.xcassets */,
				7CF6EA7A239F6E730077DB90 /* FYTabbarVC.swift */,
				7C942EA023A0954C0064816A /* Localizable.strings */,
			);
			path = Resource;
			sourceTree = "<group>";
		};
		7CF6EA66239F6B660077DB90 /* My */ = {
			isa = PBXGroup;
			children = (
				7CF6EA67239F6B660077DB90 /* Controller */,
				7CF6EA69239F6B660077DB90 /* Model */,
				7CF6EA6A239F6B660077DB90 /* View */,
			);
			path = My;
			sourceTree = "<group>";
		};
		7CF6EA67239F6B660077DB90 /* Controller */ = {
			isa = PBXGroup;
			children = (
				7CF6EA82239F6FAA0077DB90 /* FYMyVC.swift */,
				7CE2CD1023A51811008EB9AB /* FYApplicationVC.swift */,
				7C0AEA4723A78DB100CF5A87 /* FYMyTeamVC.swift */,
			);
			path = Controller;
			sourceTree = "<group>";
		};
		7CF6EA69239F6B660077DB90 /* Model */ = {
			isa = PBXGroup;
			children = (
			);
			path = Model;
			sourceTree = "<group>";
		};
		7CF6EA6A239F6B660077DB90 /* View */ = {
			isa = PBXGroup;
			children = (
				7C9C0D2223A3AAA300BFE14F /* FYMyCell.swift */,
				7CE2CD1223A5190D008EB9AB /* FYApplicationCell.swift */,
			);
			path = View;
			sourceTree = "<group>";
		};
		7CF6EA6B239F6B7F0077DB90 /* Order */ = {
			isa = PBXGroup;
			children = (
				7CF6EA6C239F6B7F0077DB90 /* Controller */,
				7CF6EA6E239F6B7F0077DB90 /* Model */,
				7CF6EA6F239F6B7F0077DB90 /* View */,
			);
			path = Order;
			sourceTree = "<group>";
		};
		7CF6EA6C239F6B7F0077DB90 /* Controller */ = {
			isa = PBXGroup;
			children = (
				7CF6EA80239F6F7D0077DB90 /* FYOrderVC.swift */,
			);
			path = Controller;
			sourceTree = "<group>";
		};
		7CF6EA6E239F6B7F0077DB90 /* Model */ = {
			isa = PBXGroup;
			children = (
			);
			path = Model;
			sourceTree = "<group>";
		};
		7CF6EA6F239F6B7F0077DB90 /* View */ = {
			isa = PBXGroup;
			children = (
				7C9C0D2023A388D500BFE14F /* FYOrderCell.swift */,
			);
			path = View;
			sourceTree = "<group>";
		};
		7CF6EA70239F6BCD0077DB90 /* RushOrder */ = {
			isa = PBXGroup;
			children = (
				7CF6EA71239F6BCD0077DB90 /* Controller */,
				7CF6EA73239F6BCD0077DB90 /* Model */,
				7CF6EA74239F6BCD0077DB90 /* View */,
			);
			path = RushOrder;
			sourceTree = "<group>";
		};
		7CF6EA71239F6BCD0077DB90 /* Controller */ = {
			isa = PBXGroup;
			children = (
				7CF6EA7E239F6F690077DB90 /* FYRushOrderVC.swift */,
				7CE2CD0E23A4FEA8008EB9AB /* FYRushOrderDetailVC.swift */,
			);
			path = Controller;
			sourceTree = "<group>";
		};
		7CF6EA73239F6BCD0077DB90 /* Model */ = {
			isa = PBXGroup;
			children = (
				7C25388E23A8D6A000268805 /* FYRushOrderModel.swift */,
			);
			path = Model;
			sourceTree = "<group>";
		};
		7CF6EA74239F6BCD0077DB90 /* View */ = {
			isa = PBXGroup;
			children = (
				7CB7FBC223A35DD200A5804B /* FYRushOrderCell.swift */,
			);
			path = View;
			sourceTree = "<group>";
		};
		7CF6EA75239F6BE20077DB90 /* Home */ = {
			isa = PBXGroup;
			children = (
				7CF6EA76239F6BE20077DB90 /* Controller */,
				7CF6EA78239F6BE20077DB90 /* Model */,
				7CF6EA79239F6BE20077DB90 /* View */,
			);
			path = Home;
			sourceTree = "<group>";
		};
		7CF6EA76239F6BE20077DB90 /* Controller */ = {
			isa = PBXGroup;
			children = (
				7CF6EA7C239F6F050077DB90 /* FYHomeVC.swift */,
				7CF6EAC8239F8A970077DB90 /* tsetModel.swift */,
			);
			path = Controller;
			sourceTree = "<group>";
		};
		7CF6EA78239F6BE20077DB90 /* Model */ = {
			isa = PBXGroup;
			children = (
			);
			path = Model;
			sourceTree = "<group>";
		};
		7CF6EA79239F6BE20077DB90 /* View */ = {
			isa = PBXGroup;
			children = (
				7C7D216623A1DBD90083587F /* FYAdvertisementCell.swift */,
				7C7D216823A1DBFC0083587F /* FYInformationCell.swift */,
			);
			path = View;
			sourceTree = "<group>";
		};
		C377C83B7894F817E8952E1C /* Frameworks */ = {
			isa = PBXGroup;
			children = (
				539760C1DB9B81D77A945F6E /* Pods_FYUSDT.framework */,
			);
			name = Frameworks;
			sourceTree = "<group>";
		};
/* End PBXGroup section */

/* Begin PBXNativeTarget section */
		7CF6E9F3239F31DF0077DB90 /* FYUSDT */ = {
			isa = PBXNativeTarget;
			buildConfigurationList = 7CF6EA1E239F31E10077DB90 /* Build configuration list for PBXNativeTarget "FYUSDT" */;
			buildPhases = (
				389712C7A41CBD8E69A60C69 /* [CP] Check Pods Manifest.lock */,
				7CF6E9F0239F31DF0077DB90 /* Sources */,
				7CF6E9F1239F31DF0077DB90 /* Frameworks */,
				7CF6E9F2239F31DF0077DB90 /* Resources */,
				2F3679F507E62D94CE09B38B /* [CP] Embed Pods Frameworks */,
			);
			buildRules = (
			);
			dependencies = (
			);
			name = FYUSDT;
			productName = FYUSDT;
			productReference = 7CF6E9F4239F31DF0077DB90 /* FYUSDT.app */;
			productType = "com.apple.product-type.application";
		};
		7CF6EA09239F31E10077DB90 /* FYUSDTTests */ = {
			isa = PBXNativeTarget;
			buildConfigurationList = 7CF6EA21239F31E10077DB90 /* Build configuration list for PBXNativeTarget "FYUSDTTests" */;
			buildPhases = (
				7CF6EA06239F31E10077DB90 /* Sources */,
				7CF6EA07239F31E10077DB90 /* Frameworks */,
				7CF6EA08239F31E10077DB90 /* Resources */,
			);
			buildRules = (
			);
			dependencies = (
				7CF6EA0C239F31E10077DB90 /* PBXTargetDependency */,
			);
			name = FYUSDTTests;
			productName = FYUSDTTests;
			productReference = 7CF6EA0A239F31E10077DB90 /* FYUSDTTests.xctest */;
			productType = "com.apple.product-type.bundle.unit-test";
		};
		7CF6EA14239F31E10077DB90 /* FYUSDTUITests */ = {
			isa = PBXNativeTarget;
			buildConfigurationList = 7CF6EA24239F31E10077DB90 /* Build configuration list for PBXNativeTarget "FYUSDTUITests" */;
			buildPhases = (
				7CF6EA11239F31E10077DB90 /* Sources */,
				7CF6EA12239F31E10077DB90 /* Frameworks */,
				7CF6EA13239F31E10077DB90 /* Resources */,
			);
			buildRules = (
			);
			dependencies = (
				7CF6EA17239F31E10077DB90 /* PBXTargetDependency */,
			);
			name = FYUSDTUITests;
			productName = FYUSDTUITests;
			productReference = 7CF6EA15239F31E10077DB90 /* FYUSDTUITests.xctest */;
			productType = "com.apple.product-type.bundle.ui-testing";
		};
/* End PBXNativeTarget section */

/* Begin PBXProject section */
		7CF6E9EC239F31DF0077DB90 /* Project object */ = {
			isa = PBXProject;
			attributes = {
				LastSwiftUpdateCheck = 1120;
				LastUpgradeCheck = 1120;
				ORGANIZATIONNAME = "何志武";
				TargetAttributes = {
					7CF6E9F3239F31DF0077DB90 = {
						CreatedOnToolsVersion = 11.2.1;
					};
					7CF6EA09239F31E10077DB90 = {
						CreatedOnToolsVersion = 11.2.1;
						TestTargetID = 7CF6E9F3239F31DF0077DB90;
					};
					7CF6EA14239F31E10077DB90 = {
						CreatedOnToolsVersion = 11.2.1;
						TestTargetID = 7CF6E9F3239F31DF0077DB90;
					};
				};
			};
			buildConfigurationList = 7CF6E9EF239F31DF0077DB90 /* Build configuration list for PBXProject "FYUSDT" */;
			compatibilityVersion = "Xcode 9.3";
			developmentRegion = en;
			hasScannedForEncodings = 0;
			knownRegions = (
				en,
				Base,
				"zh-Hans",
			);
			mainGroup = 7CF6E9EB239F31DF0077DB90;
			productRefGroup = 7CF6E9F5239F31DF0077DB90 /* Products */;
			projectDirPath = "";
			projectRoot = "";
			targets = (
				7CF6E9F3239F31DF0077DB90 /* FYUSDT */,
				7CF6EA09239F31E10077DB90 /* FYUSDTTests */,
				7CF6EA14239F31E10077DB90 /* FYUSDTUITests */,
			);
		};
/* End PBXProject section */

/* Begin PBXResourcesBuildPhase section */
		7CF6E9F2239F31DF0077DB90 /* Resources */ = {
			isa = PBXResourcesBuildPhase;
			buildActionMask = 2147483647;
			files = (
				7CF6EA62239F4C570077DB90 /* LaunchScreen.storyboard in Resources */,
				7C942E9E23A0954C0064816A /* Localizable.strings in Resources */,
				7CF6EA48239F4B300077DB90 /* Assets.xcassets in Resources */,
				7CF6EA63239F4C570077DB90 /* Main.storyboard in Resources */,
			);
			runOnlyForDeploymentPostprocessing = 0;
		};
		7CF6EA08239F31E10077DB90 /* Resources */ = {
			isa = PBXResourcesBuildPhase;
			buildActionMask = 2147483647;
			files = (
			);
			runOnlyForDeploymentPostprocessing = 0;
		};
		7CF6EA13239F31E10077DB90 /* Resources */ = {
			isa = PBXResourcesBuildPhase;
			buildActionMask = 2147483647;
			files = (
			);
			runOnlyForDeploymentPostprocessing = 0;
		};
/* End PBXResourcesBuildPhase section */

/* Begin PBXShellScriptBuildPhase section */
		2F3679F507E62D94CE09B38B /* [CP] Embed Pods Frameworks */ = {
			isa = PBXShellScriptBuildPhase;
			buildActionMask = 2147483647;
			files = (
			);
			inputFileListPaths = (
				"${PODS_ROOT}/Target Support Files/Pods-FYUSDT/Pods-FYUSDT-frameworks-${CONFIGURATION}-input-files.xcfilelist",
			);
			name = "[CP] Embed Pods Frameworks";
			outputFileListPaths = (
				"${PODS_ROOT}/Target Support Files/Pods-FYUSDT/Pods-FYUSDT-frameworks-${CONFIGURATION}-output-files.xcfilelist",
			);
			runOnlyForDeploymentPostprocessing = 0;
			shellPath = /bin/sh;
			shellScript = "\"${PODS_ROOT}/Target Support Files/Pods-FYUSDT/Pods-FYUSDT-frameworks.sh\"\n";
			showEnvVarsInLog = 0;
		};
		389712C7A41CBD8E69A60C69 /* [CP] Check Pods Manifest.lock */ = {
			isa = PBXShellScriptBuildPhase;
			buildActionMask = 2147483647;
			files = (
			);
			inputFileListPaths = (
			);
			inputPaths = (
				"${PODS_PODFILE_DIR_PATH}/Podfile.lock",
				"${PODS_ROOT}/Manifest.lock",
			);
			name = "[CP] Check Pods Manifest.lock";
			outputFileListPaths = (
			);
			outputPaths = (
				"$(DERIVED_FILE_DIR)/Pods-FYUSDT-checkManifestLockResult.txt",
			);
			runOnlyForDeploymentPostprocessing = 0;
			shellPath = /bin/sh;
			shellScript = "diff \"${PODS_PODFILE_DIR_PATH}/Podfile.lock\" \"${PODS_ROOT}/Manifest.lock\" > /dev/null\nif [ $? != 0 ] ; then\n    # print error to STDERR\n    echo \"error: The sandbox is not in sync with the Podfile.lock. Run 'pod install' or update your CocoaPods installation.\" >&2\n    exit 1\nfi\n# This output is used by Xcode 'outputs' to avoid re-running this script phase.\necho \"SUCCESS\" > \"${SCRIPT_OUTPUT_FILE_0}\"\n";
			showEnvVarsInLog = 0;
		};
/* End PBXShellScriptBuildPhase section */

/* Begin PBXSourcesBuildPhase section */
		7CF6E9F0239F31DF0077DB90 /* Sources */ = {
			isa = PBXSourcesBuildPhase;
			buildActionMask = 2147483647;
			files = (
				7CE2CCB823A476B3008EB9AB /* FYBillVC.swift in Sources */,
				7C25388D23A8CE5900268805 /* FYBillModel.swift in Sources */,
				7CF6EA47239F4B300077DB90 /* AppDelegate.swift in Sources */,
				7C25388F23A8D6A000268805 /* FYRushOrderModel.swift in Sources */,
				7CF6EAC5239F7A410077DB90 /* FYUrlManager.swift in Sources */,
				7CF6EAC9239F8A970077DB90 /* tsetModel.swift in Sources */,
				7CE2CD0C23A4FA30008EB9AB /* ScanProtocol.swift in Sources */,
				7CF6EA3D239F49D30077DB90 /* FYButtonLayout.swift in Sources */,
				7C9C0D2123A388D500BFE14F /* FYOrderCell.swift in Sources */,
				7C942E9B23A093F80064816A /* LanguageHelper.swift in Sources */,
				7C7D216723A1DBD90083587F /* FYAdvertisementCell.swift in Sources */,
				7C25388923A8755800268805 /* FYAssetsModel.swift in Sources */,
				7CCAD22C23A25C6400EF5A11 /* JJMarqueeView.swift in Sources */,
				7CF6EA81239F6F7D0077DB90 /* FYOrderVC.swift in Sources */,
				7C0AEA4823A78DB100CF5A87 /* FYMyTeamVC.swift in Sources */,
				7C7D216923A1DBFC0083587F /* FYInformationCell.swift in Sources */,
				7C0AEA4423A72C2E00CF5A87 /* FYSetNewPasswordVC.swift in Sources */,
				7CF6EA34239F47AE0077DB90 /* FYColor.swift in Sources */,
				7CF6EA2C239F444E0077DB90 /* FYTool.swift in Sources */,
				7CE2CCCC23A4D99D008EB9AB /* FYWithdrawVC.swift in Sources */,
				7C942EA523A0F21F0064816A /* FYFindPasswordVC.swift in Sources */,
				7CF6EA3B239F49B30077DB90 /* FYUITextField.swift in Sources */,
				7C9C0D2323A3AAA300BFE14F /* FYMyCell.swift in Sources */,
				7CB7FBC323A35DD200A5804B /* FYRushOrderCell.swift in Sources */,
				7CF6EA2A239F44050077DB90 /* MBProgressHUD+Swift.swift in Sources */,
				7CE2CCBC23A4AD73008EB9AB /* FYRechargeVC.swift in Sources */,
				7C942EA323A0C0BA0064816A /* FYRegisterVC.swift in Sources */,
				7C0AEA4623A77CF600CF5A87 /* FYUserModel.swift in Sources */,
				7C25388B23A8804600268805 /* FYWithdrawModel.swift in Sources */,
				7CF6EA7D239F6F050077DB90 /* FYHomeVC.swift in Sources */,
				7CF6EA32239F46820077DB90 /* FYConfig.swift in Sources */,
				7C942E9923A08FB60064816A /* FYLoginVC.swift in Sources */,
				7CE2CD0F23A4FEA8008EB9AB /* FYRushOrderDetailVC.swift in Sources */,
				7CF6EAC7239F7C050077DB90 /* FYRequestManager.swift in Sources */,
				7CE2CD0B23A4FA30008EB9AB /* GScanManager.swift in Sources */,
				7CE2CD0D23A4FA30008EB9AB /* GQScanViewController.swift in Sources */,
				7CE2CD1323A5190D008EB9AB /* FYApplicationCell.swift in Sources */,
				7CE2CD1123A51811008EB9AB /* FYApplicationVC.swift in Sources */,
				7CF6EA83239F6FAA0077DB90 /* FYMyVC.swift in Sources */,
				7CF6EA7F239F6F690077DB90 /* FYRushOrderVC.swift in Sources */,
				7CE2CCBA23A47AFB008EB9AB /* FYBillCell.swift in Sources */,
				7C7D216523A1D8760083587F /* FYAssetsVC.swift in Sources */,
				7CF6EA7B239F6E730077DB90 /* FYTabbarVC.swift in Sources */,
			);
			runOnlyForDeploymentPostprocessing = 0;
		};
		7CF6EA06239F31E10077DB90 /* Sources */ = {
			isa = PBXSourcesBuildPhase;
			buildActionMask = 2147483647;
			files = (
				7CF6EA0F239F31E10077DB90 /* FYUSDTTests.swift in Sources */,
			);
			runOnlyForDeploymentPostprocessing = 0;
		};
		7CF6EA11239F31E10077DB90 /* Sources */ = {
			isa = PBXSourcesBuildPhase;
			buildActionMask = 2147483647;
			files = (
				7CF6EA1A239F31E10077DB90 /* FYUSDTUITests.swift in Sources */,
			);
			runOnlyForDeploymentPostprocessing = 0;
		};
/* End PBXSourcesBuildPhase section */

/* Begin PBXTargetDependency section */
		7CF6EA0C239F31E10077DB90 /* PBXTargetDependency */ = {
			isa = PBXTargetDependency;
			target = 7CF6E9F3239F31DF0077DB90 /* FYUSDT */;
			targetProxy = 7CF6EA0B239F31E10077DB90 /* PBXContainerItemProxy */;
		};
		7CF6EA17239F31E10077DB90 /* PBXTargetDependency */ = {
			isa = PBXTargetDependency;
			target = 7CF6E9F3239F31DF0077DB90 /* FYUSDT */;
			targetProxy = 7CF6EA16239F31E10077DB90 /* PBXContainerItemProxy */;
		};
/* End PBXTargetDependency section */

/* Begin PBXVariantGroup section */
		7C942EA023A0954C0064816A /* Localizable.strings */ = {
			isa = PBXVariantGroup;
			children = (
				7C942E9F23A0954C0064816A /* en */,
				7C942EA123A0957E0064816A /* zh-Hans */,
			);
			name = Localizable.strings;
			sourceTree = "<group>";
		};
		7CF6EA5E239F4C570077DB90 /* LaunchScreen.storyboard */ = {
			isa = PBXVariantGroup;
			children = (
				7CF6EA5F239F4C570077DB90 /* Base */,
			);
			name = LaunchScreen.storyboard;
			sourceTree = "<group>";
		};
		7CF6EA60239F4C570077DB90 /* Main.storyboard */ = {
			isa = PBXVariantGroup;
			children = (
				7CF6EA61239F4C570077DB90 /* Base */,
			);
			name = Main.storyboard;
			sourceTree = "<group>";
		};
/* End PBXVariantGroup section */

/* Begin XCBuildConfiguration section */
		7CF6EA1C239F31E10077DB90 /* Debug */ = {
			isa = XCBuildConfiguration;
			buildSettings = {
				ALWAYS_SEARCH_USER_PATHS = NO;
				CLANG_ANALYZER_LOCALIZABILITY_NONLOCALIZED = YES;
				CLANG_ANALYZER_NONNULL = YES;
				CLANG_ANALYZER_NUMBER_OBJECT_CONVERSION = YES_AGGRESSIVE;
				CLANG_CXX_LANGUAGE_STANDARD = "gnu++14";
				CLANG_CXX_LIBRARY = "libc++";
				CLANG_ENABLE_MODULES = YES;
				CLANG_ENABLE_OBJC_ARC = YES;
				CLANG_ENABLE_OBJC_WEAK = YES;
				CLANG_WARN_BLOCK_CAPTURE_AUTORELEASING = YES;
				CLANG_WARN_BOOL_CONVERSION = YES;
				CLANG_WARN_COMMA = YES;
				CLANG_WARN_CONSTANT_CONVERSION = YES;
				CLANG_WARN_DEPRECATED_OBJC_IMPLEMENTATIONS = YES;
				CLANG_WARN_DIRECT_OBJC_ISA_USAGE = YES_ERROR;
				CLANG_WARN_DOCUMENTATION_COMMENTS = YES;
				CLANG_WARN_EMPTY_BODY = YES;
				CLANG_WARN_ENUM_CONVERSION = YES;
				CLANG_WARN_INFINITE_RECURSION = YES;
				CLANG_WARN_INT_CONVERSION = YES;
				CLANG_WARN_NON_LITERAL_NULL_CONVERSION = YES;
				CLANG_WARN_OBJC_IMPLICIT_RETAIN_SELF = YES;
				CLANG_WARN_OBJC_LITERAL_CONVERSION = YES;
				CLANG_WARN_OBJC_ROOT_CLASS = YES_ERROR;
				CLANG_WARN_RANGE_LOOP_ANALYSIS = YES;
				CLANG_WARN_STRICT_PROTOTYPES = YES;
				CLANG_WARN_SUSPICIOUS_MOVE = YES;
				CLANG_WARN_UNGUARDED_AVAILABILITY = YES_AGGRESSIVE;
				CLANG_WARN_UNREACHABLE_CODE = YES;
				CLANG_WARN__DUPLICATE_METHOD_MATCH = YES;
				COPY_PHASE_STRIP = NO;
				DEBUG_INFORMATION_FORMAT = dwarf;
				ENABLE_STRICT_OBJC_MSGSEND = YES;
				ENABLE_TESTABILITY = YES;
				GCC_C_LANGUAGE_STANDARD = gnu11;
				GCC_DYNAMIC_NO_PIC = NO;
				GCC_NO_COMMON_BLOCKS = YES;
				GCC_OPTIMIZATION_LEVEL = 0;
				GCC_PREPROCESSOR_DEFINITIONS = (
					"DEBUG=1",
					"$(inherited)",
				);
				GCC_WARN_64_TO_32_BIT_CONVERSION = YES;
				GCC_WARN_ABOUT_RETURN_TYPE = YES_ERROR;
				GCC_WARN_UNDECLARED_SELECTOR = YES;
				GCC_WARN_UNINITIALIZED_AUTOS = YES_AGGRESSIVE;
				GCC_WARN_UNUSED_FUNCTION = YES;
				GCC_WARN_UNUSED_VARIABLE = YES;
				IPHONEOS_DEPLOYMENT_TARGET = 12.1;
				MTL_ENABLE_DEBUG_INFO = INCLUDE_SOURCE;
				MTL_FAST_MATH = YES;
				ONLY_ACTIVE_ARCH = YES;
				SDKROOT = iphoneos;
				SWIFT_ACTIVE_COMPILATION_CONDITIONS = DEBUG;
				SWIFT_OPTIMIZATION_LEVEL = "-Onone";
			};
			name = Debug;
		};
		7CF6EA1D239F31E10077DB90 /* Release */ = {
			isa = XCBuildConfiguration;
			buildSettings = {
				ALWAYS_SEARCH_USER_PATHS = NO;
				CLANG_ANALYZER_LOCALIZABILITY_NONLOCALIZED = YES;
				CLANG_ANALYZER_NONNULL = YES;
				CLANG_ANALYZER_NUMBER_OBJECT_CONVERSION = YES_AGGRESSIVE;
				CLANG_CXX_LANGUAGE_STANDARD = "gnu++14";
				CLANG_CXX_LIBRARY = "libc++";
				CLANG_ENABLE_MODULES = YES;
				CLANG_ENABLE_OBJC_ARC = YES;
				CLANG_ENABLE_OBJC_WEAK = YES;
				CLANG_WARN_BLOCK_CAPTURE_AUTORELEASING = YES;
				CLANG_WARN_BOOL_CONVERSION = YES;
				CLANG_WARN_COMMA = YES;
				CLANG_WARN_CONSTANT_CONVERSION = YES;
				CLANG_WARN_DEPRECATED_OBJC_IMPLEMENTATIONS = YES;
				CLANG_WARN_DIRECT_OBJC_ISA_USAGE = YES_ERROR;
				CLANG_WARN_DOCUMENTATION_COMMENTS = YES;
				CLANG_WARN_EMPTY_BODY = YES;
				CLANG_WARN_ENUM_CONVERSION = YES;
				CLANG_WARN_INFINITE_RECURSION = YES;
				CLANG_WARN_INT_CONVERSION = YES;
				CLANG_WARN_NON_LITERAL_NULL_CONVERSION = YES;
				CLANG_WARN_OBJC_IMPLICIT_RETAIN_SELF = YES;
				CLANG_WARN_OBJC_LITERAL_CONVERSION = YES;
				CLANG_WARN_OBJC_ROOT_CLASS = YES_ERROR;
				CLANG_WARN_RANGE_LOOP_ANALYSIS = YES;
				CLANG_WARN_STRICT_PROTOTYPES = YES;
				CLANG_WARN_SUSPICIOUS_MOVE = YES;
				CLANG_WARN_UNGUARDED_AVAILABILITY = YES_AGGRESSIVE;
				CLANG_WARN_UNREACHABLE_CODE = YES;
				CLANG_WARN__DUPLICATE_METHOD_MATCH = YES;
				COPY_PHASE_STRIP = NO;
				DEBUG_INFORMATION_FORMAT = "dwarf-with-dsym";
				ENABLE_NS_ASSERTIONS = NO;
				ENABLE_STRICT_OBJC_MSGSEND = YES;
				GCC_C_LANGUAGE_STANDARD = gnu11;
				GCC_NO_COMMON_BLOCKS = YES;
				GCC_WARN_64_TO_32_BIT_CONVERSION = YES;
				GCC_WARN_ABOUT_RETURN_TYPE = YES_ERROR;
				GCC_WARN_UNDECLARED_SELECTOR = YES;
				GCC_WARN_UNINITIALIZED_AUTOS = YES_AGGRESSIVE;
				GCC_WARN_UNUSED_FUNCTION = YES;
				GCC_WARN_UNUSED_VARIABLE = YES;
				IPHONEOS_DEPLOYMENT_TARGET = 12.1;
				MTL_ENABLE_DEBUG_INFO = NO;
				MTL_FAST_MATH = YES;
				SDKROOT = iphoneos;
				SWIFT_COMPILATION_MODE = wholemodule;
				SWIFT_OPTIMIZATION_LEVEL = "-O";
				VALIDATE_PRODUCT = YES;
			};
			name = Release;
		};
		7CF6EA1F239F31E10077DB90 /* Debug */ = {
			isa = XCBuildConfiguration;
			baseConfigurationReference = A873B45E6FEE4BF7F7C0C130 /* Pods-FYUSDT.debug.xcconfig */;
			buildSettings = {
				ASSETCATALOG_COMPILER_APPICON_NAME = AppIcon;
				CODE_SIGN_IDENTITY = "iPhone Developer";
				CODE_SIGN_STYLE = Automatic;
				DEVELOPMENT_TEAM = DX354Z32QS;
				HEADER_SEARCH_PATHS = (
					"$(inherited)",
					"\"${PODS_CONFIGURATION_BUILD_DIR}/Alamofire/Alamofire.framework/Headers\"",
					"\"${PODS_CONFIGURATION_BUILD_DIR}/EFFoundation/EFFoundation.framework/Headers\"",
					"\"${PODS_CONFIGURATION_BUILD_DIR}/EFQRCode/EFQRCode.framework/Headers\"",
					"\"${PODS_CONFIGURATION_BUILD_DIR}/FSPagerView/FSPagerView.framework/Headers\"",
					"\"${PODS_CONFIGURATION_BUILD_DIR}/HandyJSON/HandyJSON.framework/Headers\"",
					"\"${PODS_CONFIGURATION_BUILD_DIR}/IQKeyboardManagerSwift/IQKeyboardManagerSwift.framework/Headers\"",
					"\"${PODS_CONFIGURATION_BUILD_DIR}/Kingfisher/Kingfisher.framework/Headers\"",
					"\"$(SRCROOT)/Pods/LBXScan/LBXScan/UI/LBXScanViewController.h\"",
					"\"${PODS_CONFIGURATION_BUILD_DIR}/MBProgressHUD/MBProgressHUD.framework/Headers\"",
					"\"${PODS_CONFIGURATION_BUILD_DIR}/MJRefresh/MJRefresh.framework/Headers\"",
					"\"${PODS_CONFIGURATION_BUILD_DIR}/SnapKit/SnapKit.framework/Headers\"",
					"\"${PODS_CONFIGURATION_BUILD_DIR}/SwiftyFitsize/SwiftyFitsize.framework/Headers\"",
					"\"${PODS_CONFIGURATION_BUILD_DIR}/UICircularProgressRing/UICircularProgressRing.framework/Headers\"",
					"\"${PODS_CONFIGURATION_BUILD_DIR}/YYText/YYText.framework/Headers\"",
					"\"${PODS_CONFIGURATION_BUILD_DIR}/ZBarSDK/ZBarSDK.framework/Headers\"",
				);
				INFOPLIST_FILE = FYUSDT/Info.plist;
				IPHONEOS_DEPLOYMENT_TARGET = 9.0;
				LD_RUNPATH_SEARCH_PATHS = (
					"$(inherited)",
					"@executable_path/Frameworks",
				);
				PRODUCT_BUNDLE_IDENTIFIER = com.news.usdtwallet;
				PRODUCT_NAME = "$(TARGET_NAME)";
				PROVISIONING_PROFILE_SPECIFIER = "";
				SWIFT_OBJC_BRIDGING_HEADER = "$(SRCROOT)/$(PROJECT_NAME)/Tool/FYUSDT-Bridging-Header.h";
				SWIFT_VERSION = 5.0;
				TARGETED_DEVICE_FAMILY = 1;
			};
			name = Debug;
		};
		7CF6EA20239F31E10077DB90 /* Release */ = {
			isa = XCBuildConfiguration;
			baseConfigurationReference = 2EF533C0DE6E826A069FCF18 /* Pods-FYUSDT.release.xcconfig */;
			buildSettings = {
				ASSETCATALOG_COMPILER_APPICON_NAME = AppIcon;
				CODE_SIGN_IDENTITY = "Apple Development";
				CODE_SIGN_STYLE = Automatic;
				DEVELOPMENT_TEAM = DX354Z32QS;
				HEADER_SEARCH_PATHS = (
					"$(inherited)",
					"\"${PODS_CONFIGURATION_BUILD_DIR}/Alamofire/Alamofire.framework/Headers\"",
					"\"${PODS_CONFIGURATION_BUILD_DIR}/EFFoundation/EFFoundation.framework/Headers\"",
					"\"${PODS_CONFIGURATION_BUILD_DIR}/EFQRCode/EFQRCode.framework/Headers\"",
					"\"${PODS_CONFIGURATION_BUILD_DIR}/FSPagerView/FSPagerView.framework/Headers\"",
					"\"${PODS_CONFIGURATION_BUILD_DIR}/HandyJSON/HandyJSON.framework/Headers\"",
					"\"${PODS_CONFIGURATION_BUILD_DIR}/IQKeyboardManagerSwift/IQKeyboardManagerSwift.framework/Headers\"",
					"\"${PODS_CONFIGURATION_BUILD_DIR}/Kingfisher/Kingfisher.framework/Headers\"",
					"\"$(SRCROOT)/Pods/LBXScan/LBXScan/UI/LBXScanViewController.h\"",
					"\"${PODS_CONFIGURATION_BUILD_DIR}/MBProgressHUD/MBProgressHUD.framework/Headers\"",
					"\"${PODS_CONFIGURATION_BUILD_DIR}/MJRefresh/MJRefresh.framework/Headers\"",
					"\"${PODS_CONFIGURATION_BUILD_DIR}/SnapKit/SnapKit.framework/Headers\"",
					"\"${PODS_CONFIGURATION_BUILD_DIR}/SwiftyFitsize/SwiftyFitsize.framework/Headers\"",
					"\"${PODS_CONFIGURATION_BUILD_DIR}/UICircularProgressRing/UICircularProgressRing.framework/Headers\"",
					"\"${PODS_CONFIGURATION_BUILD_DIR}/YYText/YYText.framework/Headers\"",
					"\"${PODS_CONFIGURATION_BUILD_DIR}/ZBarSDK/ZBarSDK.framework/Headers\"",
				);
				INFOPLIST_FILE = FYUSDT/Info.plist;
				IPHONEOS_DEPLOYMENT_TARGET = 9.0;
				LD_RUNPATH_SEARCH_PATHS = (
					"$(inherited)",
					"@executable_path/Frameworks",
				);
				PRODUCT_BUNDLE_IDENTIFIER = com.news.usdtwallet;
				PRODUCT_NAME = "$(TARGET_NAME)";
				PROVISIONING_PROFILE_SPECIFIER = "";
				SWIFT_OBJC_BRIDGING_HEADER = "$(SRCROOT)/$(PROJECT_NAME)/Tool/FYUSDT-Bridging-Header.h";
				SWIFT_VERSION = 5.0;
				TARGETED_DEVICE_FAMILY = 1;
			};
			name = Release;
		};
		7CF6EA22239F31E10077DB90 /* Debug */ = {
			isa = XCBuildConfiguration;
			buildSettings = {
				ALWAYS_EMBED_SWIFT_STANDARD_LIBRARIES = YES;
				BUNDLE_LOADER = "$(TEST_HOST)";
				CODE_SIGN_STYLE = Automatic;
				INFOPLIST_FILE = FYUSDTTests/Info.plist;
				IPHONEOS_DEPLOYMENT_TARGET = 13.2;
				LD_RUNPATH_SEARCH_PATHS = (
					"$(inherited)",
					"@executable_path/Frameworks",
					"@loader_path/Frameworks",
				);
				PRODUCT_BUNDLE_IDENTIFIER = com.news.usdtwallet.FYUSDTTests;
				PRODUCT_NAME = "$(TARGET_NAME)";
				SWIFT_VERSION = 5.0;
				TARGETED_DEVICE_FAMILY = "1,2";
				TEST_HOST = "$(BUILT_PRODUCTS_DIR)/FYUSDT.app/FYUSDT";
			};
			name = Debug;
		};
		7CF6EA23239F31E10077DB90 /* Release */ = {
			isa = XCBuildConfiguration;
			buildSettings = {
				ALWAYS_EMBED_SWIFT_STANDARD_LIBRARIES = YES;
				BUNDLE_LOADER = "$(TEST_HOST)";
				CODE_SIGN_STYLE = Automatic;
				INFOPLIST_FILE = FYUSDTTests/Info.plist;
				IPHONEOS_DEPLOYMENT_TARGET = 13.2;
				LD_RUNPATH_SEARCH_PATHS = (
					"$(inherited)",
					"@executable_path/Frameworks",
					"@loader_path/Frameworks",
				);
				PRODUCT_BUNDLE_IDENTIFIER = com.news.usdtwallet.FYUSDTTests;
				PRODUCT_NAME = "$(TARGET_NAME)";
				SWIFT_VERSION = 5.0;
				TARGETED_DEVICE_FAMILY = "1,2";
				TEST_HOST = "$(BUILT_PRODUCTS_DIR)/FYUSDT.app/FYUSDT";
			};
			name = Release;
		};
		7CF6EA25239F31E10077DB90 /* Debug */ = {
			isa = XCBuildConfiguration;
			buildSettings = {
				ALWAYS_EMBED_SWIFT_STANDARD_LIBRARIES = YES;
				CODE_SIGN_STYLE = Automatic;
				INFOPLIST_FILE = FYUSDTUITests/Info.plist;
				LD_RUNPATH_SEARCH_PATHS = (
					"$(inherited)",
					"@executable_path/Frameworks",
					"@loader_path/Frameworks",
				);
				PRODUCT_BUNDLE_IDENTIFIER = com.news.usdtwallet.FYUSDTUITests;
				PRODUCT_NAME = "$(TARGET_NAME)";
				SWIFT_VERSION = 5.0;
				TARGETED_DEVICE_FAMILY = "1,2";
				TEST_TARGET_NAME = FYUSDT;
			};
			name = Debug;
		};
		7CF6EA26239F31E10077DB90 /* Release */ = {
			isa = XCBuildConfiguration;
			buildSettings = {
				ALWAYS_EMBED_SWIFT_STANDARD_LIBRARIES = YES;
				CODE_SIGN_STYLE = Automatic;
				INFOPLIST_FILE = FYUSDTUITests/Info.plist;
				LD_RUNPATH_SEARCH_PATHS = (
					"$(inherited)",
					"@executable_path/Frameworks",
					"@loader_path/Frameworks",
				);
				PRODUCT_BUNDLE_IDENTIFIER = com.news.usdtwallet.FYUSDTUITests;
				PRODUCT_NAME = "$(TARGET_NAME)";
				SWIFT_VERSION = 5.0;
				TARGETED_DEVICE_FAMILY = "1,2";
				TEST_TARGET_NAME = FYUSDT;
			};
			name = Release;
		};
/* End XCBuildConfiguration section */

/* Begin XCConfigurationList section */
		7CF6E9EF239F31DF0077DB90 /* Build configuration list for PBXProject "FYUSDT" */ = {
			isa = XCConfigurationList;
			buildConfigurations = (
				7CF6EA1C239F31E10077DB90 /* Debug */,
				7CF6EA1D239F31E10077DB90 /* Release */,
			);
			defaultConfigurationIsVisible = 0;
			defaultConfigurationName = Release;
		};
		7CF6EA1E239F31E10077DB90 /* Build configuration list for PBXNativeTarget "FYUSDT" */ = {
			isa = XCConfigurationList;
			buildConfigurations = (
				7CF6EA1F239F31E10077DB90 /* Debug */,
				7CF6EA20239F31E10077DB90 /* Release */,
			);
			defaultConfigurationIsVisible = 0;
			defaultConfigurationName = Release;
		};
		7CF6EA21239F31E10077DB90 /* Build configuration list for PBXNativeTarget "FYUSDTTests" */ = {
			isa = XCConfigurationList;
			buildConfigurations = (
				7CF6EA22239F31E10077DB90 /* Debug */,
				7CF6EA23239F31E10077DB90 /* Release */,
			);
			defaultConfigurationIsVisible = 0;
			defaultConfigurationName = Release;
		};
		7CF6EA24239F31E10077DB90 /* Build configuration list for PBXNativeTarget "FYUSDTUITests" */ = {
			isa = XCConfigurationList;
			buildConfigurations = (
				7CF6EA25239F31E10077DB90 /* Debug */,
				7CF6EA26239F31E10077DB90 /* Release */,
			);
			defaultConfigurationIsVisible = 0;
			defaultConfigurationName = Release;
		};
/* End XCConfigurationList section */
	};
	rootObject = 7CF6E9EC239F31DF0077DB90 /* Project object */;
}
