// !$*UTF8*$!
{
	archiveVersion = 1;
	classes = {
	};
	objectVersion = 51;
	objects = {

/* Begin PBXBuildFile section */
		7CF6EA0F239F31E10077DB90 /* FYUSDTTests.swift in Sources */ = {isa = PBXBuildFile; fileRef = 7CF6EA0E239F31E10077DB90 /* FYUSDTTests.swift */; };
		7CF6EA1A239F31E10077DB90 /* FYUSDTUITests.swift in Sources */ = {isa = PBXBuildFile; fileRef = 7CF6EA19239F31E10077DB90 /* FYUSDTUITests.swift */; };
		7CF6EA2A239F44050077DB90 /* MBProgressHUD+Swift.swift in Sources */ = {isa = PBXBuildFile; fileRef = 7CF6EA29239F44050077DB90 /* MBProgressHUD+Swift.swift */; };
		7CF6EA2C239F444E0077DB90 /* FYTool.swift in Sources */ = {isa = PBXBuildFile; fileRef = 7CF6EA2B239F444E0077DB90 /* FYTool.swift */; };
		7CF6EA32239F46820077DB90 /* FYConfig.swift in Sources */ = {isa = PBXBuildFile; fileRef = 7CF6EA31239F46820077DB90 /* FYConfig.swift */; };
		7CF6EA34239F47AE0077DB90 /* FYColor.swift in Sources */ = {isa = PBXBuildFile; fileRef = 7CF6EA33239F47AE0077DB90 /* FYColor.swift */; };
		7CF6EA3B239F49B30077DB90 /* FYUITextField.swift in Sources */ = {isa = PBXBuildFile; fileRef = 7CF6EA3A239F49B30077DB90 /* FYUITextField.swift */; };
		7CF6EA3D239F49D30077DB90 /* FYButtonLayout.swift in Sources */ = {isa = PBXBuildFile; fileRef = 7CF6EA3C239F49D30077DB90 /* FYButtonLayout.swift */; };
		7CF6EA47239F4B300077DB90 /* AppDelegate.swift in Sources */ = {isa = PBXBuildFile; fileRef = 7CF6EA3F239F4B300077DB90 /* AppDelegate.swift */; };
		7CF6EA48239F4B300077DB90 /* Assets.xcassets in Resources */ = {isa = PBXBuildFile; fileRef = 7CF6EA40239F4B300077DB90 /* Assets.xcassets */; };
		7CF6EA62239F4C570077DB90 /* LaunchScreen.storyboard in Resources */ = {isa = PBXBuildFile; fileRef = 7CF6EA5E239F4C570077DB90 /* LaunchScreen.storyboard */; };
		7CF6EA63239F4C570077DB90 /* Main.storyboard in Resources */ = {isa = PBXBuildFile; fileRef = 7CF6EA60239F4C570077DB90 /* Main.storyboard */; };
		7CF6EA7B239F6E730077DB90 /* FYTabbarVC.swift in Sources */ = {isa = PBXBuildFile; fileRef = 7CF6EA7A239F6E730077DB90 /* FYTabbarVC.swift */; };
		7CF6EA7D239F6F050077DB90 /* FYHomeVC.swift in Sources */ = {isa = PBXBuildFile; fileRef = 7CF6EA7C239F6F050077DB90 /* FYHomeVC.swift */; };
		7CF6EA7F239F6F690077DB90 /* FYRushOrderVC.swift in Sources */ = {isa = PBXBuildFile; fileRef = 7CF6EA7E239F6F690077DB90 /* FYRushOrderVC.swift */; };
		7CF6EA81239F6F7D0077DB90 /* FYOrderVC.swift in Sources */ = {isa = PBXBuildFile; fileRef = 7CF6EA80239F6F7D0077DB90 /* FYOrderVC.swift */; };
		7CF6EA83239F6FAA0077DB90 /* FYMyVC.swift in Sources */ = {isa = PBXBuildFile; fileRef = 7CF6EA82239F6FAA0077DB90 /* FYMyVC.swift */; };
		7CF6EAC5239F7A410077DB90 /* FYUrlManager.swift in Sources */ = {isa = PBXBuildFile; fileRef = 7CF6EAC4239F7A410077DB90 /* FYUrlManager.swift */; };
		7CF6EAC7239F7C050077DB90 /* FYRequestManager.swift in Sources */ = {isa = PBXBuildFile; fileRef = 7CF6EAC6239F7C050077DB90 /* FYRequestManager.swift */; };
		7CF6EAC9239F8A970077DB90 /* tsetModel.swift in Sources */ = {isa = PBXBuildFile; fileRef = 7CF6EAC8239F8A970077DB90 /* tsetModel.swift */; };
		BDD6C1C7950A4F1B78C8E68D /* Pods_FYUSDT.framework in Frameworks */ = {isa = PBXBuildFile; fileRef = 539760C1DB9B81D77A945F6E /* Pods_FYUSDT.framework */; };
/* End PBXBuildFile section */

/* Begin PBXContainerItemProxy section */
		7CF6EA0B239F31E10077DB90 /* PBXContainerItemProxy */ = {
			isa = PBXContainerItemProxy;
			containerPortal = 7CF6E9EC239F31DF0077DB90 /* Project object */;
			proxyType = 1;
			remoteGlobalIDString = 7CF6E9F3239F31DF0077DB90;
			remoteInfo = FYUSDT;
		};
		7CF6EA16239F31E10077DB90 /* PBXContainerItemProxy */ = {
			isa = PBXContainerItemProxy;
			containerPortal = 7CF6E9EC239F31DF0077DB90 /* Project object */;
			proxyType = 1;
			remoteGlobalIDString = 7CF6E9F3239F31DF0077DB90;
			remoteInfo = FYUSDT;
		};
/* End PBXContainerItemProxy section */

/* Begin PBXFileReference section */
		2EF533C0DE6E826A069FCF18 /* Pods-FYUSDT.release.xcconfig */ = {isa = PBXFileReference; includeInIndex = 1; lastKnownFileType = text.xcconfig; name = "Pods-FYUSDT.release.xcconfig"; path = "Target Support Files/Pods-FYUSDT/Pods-FYUSDT.release.xcconfig"; sourceTree = "<group>"; };
		539760C1DB9B81D77A945F6E /* Pods_FYUSDT.framework */ = {isa = PBXFileReference; explicitFileType = wrapper.framework; includeInIndex = 0; path = Pods_FYUSDT.framework; sourceTree = BUILT_PRODUCTS_DIR; };
		7CF6E9F4239F31DF0077DB90 /* FYUSDT.app */ = {isa = PBXFileReference; explicitFileType = wrapper.application; includeInIndex = 0; path = FYUSDT.app; sourceTree = BUILT_PRODUCTS_DIR; };
		7CF6EA0A239F31E10077DB90 /* FYUSDTTests.xctest */ = {isa = PBXFileReference; explicitFileType = wrapper.cfbundle; includeInIndex = 0; path = FYUSDTTests.xctest; sourceTree = BUILT_PRODUCTS_DIR; };
		7CF6EA0E239F31E10077DB90 /* FYUSDTTests.swift */ = {isa = PBXFileReference; lastKnownFileType = sourcecode.swift; path = FYUSDTTests.swift; sourceTree = "<group>"; };
		7CF6EA10239F31E10077DB90 /* Info.plist */ = {isa = PBXFileReference; lastKnownFileType = text.plist.xml; path = Info.plist; sourceTree = "<group>"; };
		7CF6EA15239F31E10077DB90 /* FYUSDTUITests.xctest */ = {isa = PBXFileReference; explicitFileType = wrapper.cfbundle; includeInIndex = 0; path = FYUSDTUITests.xctest; sourceTree = BUILT_PRODUCTS_DIR; };
		7CF6EA19239F31E10077DB90 /* FYUSDTUITests.swift */ = {isa = PBXFileReference; lastKnownFileType = sourcecode.swift; path = FYUSDTUITests.swift; sourceTree = "<group>"; };
		7CF6EA1B239F31E10077DB90 /* Info.plist */ = {isa = PBXFileReference; lastKnownFileType = text.plist.xml; path = Info.plist; sourceTree = "<group>"; };
		7CF6EA28239F426F0077DB90 /* FYUSDT-Bridging-Header.h */ = {isa = PBXFileReference; lastKnownFileType = sourcecode.c.h; path = "FYUSDT-Bridging-Header.h"; sourceTree = "<group>"; };
		7CF6EA29239F44050077DB90 /* MBProgressHUD+Swift.swift */ = {isa = PBXFileReference; fileEncoding = 4; lastKnownFileType = sourcecode.swift; path = "MBProgressHUD+Swift.swift"; sourceTree = "<group>"; };
		7CF6EA2B239F444E0077DB90 /* FYTool.swift */ = {isa = PBXFileReference; lastKnownFileType = sourcecode.swift; path = FYTool.swift; sourceTree = "<group>"; };
		7CF6EA31239F46820077DB90 /* FYConfig.swift */ = {isa = PBXFileReference; lastKnownFileType = sourcecode.swift; path = FYConfig.swift; sourceTree = "<group>"; };
		7CF6EA33239F47AE0077DB90 /* FYColor.swift */ = {isa = PBXFileReference; lastKnownFileType = sourcecode.swift; path = FYColor.swift; sourceTree = "<group>"; };
		7CF6EA3A239F49B30077DB90 /* FYUITextField.swift */ = {isa = PBXFileReference; lastKnownFileType = sourcecode.swift; path = FYUITextField.swift; sourceTree = "<group>"; };
		7CF6EA3C239F49D30077DB90 /* FYButtonLayout.swift */ = {isa = PBXFileReference; lastKnownFileType = sourcecode.swift; path = FYButtonLayout.swift; sourceTree = "<group>"; };
		7CF6EA3F239F4B300077DB90 /* AppDelegate.swift */ = {isa = PBXFileReference; fileEncoding = 4; lastKnownFileType = sourcecode.swift; path = AppDelegate.swift; sourceTree = "<group>"; };
		7CF6EA40239F4B300077DB90 /* Assets.xcassets */ = {isa = PBXFileReference; lastKnownFileType = folder.assetcatalog; path = Assets.xcassets; sourceTree = "<group>"; };
		7CF6EA5F239F4C570077DB90 /* Base */ = {isa = PBXFileReference; lastKnownFileType = file.storyboard; name = Base; path = Base.lproj/LaunchScreen.storyboard; sourceTree = "<group>"; };
		7CF6EA61239F4C570077DB90 /* Base */ = {isa = PBXFileReference; lastKnownFileType = file.storyboard; name = Base; path = Base.lproj/Main.storyboard; sourceTree = "<group>"; };
		7CF6EA64239F4C900077DB90 /* Info.plist */ = {isa = PBXFileReference; fileEncoding = 4; lastKnownFileType = text.plist.xml; path = Info.plist; sourceTree = "<group>"; };
		7CF6EA7A239F6E730077DB90 /* FYTabbarVC.swift */ = {isa = PBXFileReference; lastKnownFileType = sourcecode.swift; path = FYTabbarVC.swift; sourceTree = "<group>"; };
		7CF6EA7C239F6F050077DB90 /* FYHomeVC.swift */ = {isa = PBXFileReference; lastKnownFileType = sourcecode.swift; path = FYHomeVC.swift; sourceTree = "<group>"; };
		7CF6EA7E239F6F690077DB90 /* FYRushOrderVC.swift */ = {isa = PBXFileReference; lastKnownFileType = sourcecode.swift; path = FYRushOrderVC.swift; sourceTree = "<group>"; };
		7CF6EA80239F6F7D0077DB90 /* FYOrderVC.swift */ = {isa = PBXFileReference; lastKnownFileType = sourcecode.swift; path = FYOrderVC.swift; sourceTree = "<group>"; };
		7CF6EA82239F6FAA0077DB90 /* FYMyVC.swift */ = {isa = PBXFileReference; lastKnownFileType = sourcecode.swift; path = FYMyVC.swift; sourceTree = "<group>"; };
		7CF6EAC4239F7A410077DB90 /* FYUrlManager.swift */ = {isa = PBXFileReference; lastKnownFileType = sourcecode.swift; path = FYUrlManager.swift; sourceTree = "<group>"; };
		7CF6EAC6239F7C050077DB90 /* FYRequestManager.swift */ = {isa = PBXFileReference; lastKnownFileType = sourcecode.swift; path = FYRequestManager.swift; sourceTree = "<group>"; };
		7CF6EAC8239F8A970077DB90 /* tsetModel.swift */ = {isa = PBXFileReference; lastKnownFileType = sourcecode.swift; path = tsetModel.swift; sourceTree = "<group>"; };
		A873B45E6FEE4BF7F7C0C130 /* Pods-FYUSDT.debug.xcconfig */ = {isa = PBXFileReference; includeInIndex = 1; lastKnownFileType = text.xcconfig; name = "Pods-FYUSDT.debug.xcconfig"; path = "Target Support Files/Pods-FYUSDT/Pods-FYUSDT.debug.xcconfig"; sourceTree = "<group>"; };
/* End PBXFileReference section */

/* Begin PBXFrameworksBuildPhase section */
		7CF6E9F1239F31DF0077DB90 /* Frameworks */ = {
			isa = PBXFrameworksBuildPhase;
			buildActionMask = 2147483647;
			files = (
				BDD6C1C7950A4F1B78C8E68D /* Pods_FYUSDT.framework in Frameworks */,
			);
			runOnlyForDeploymentPostprocessing = 0;
		};
		7CF6EA07239F31E10077DB90 /* Frameworks */ = {
			isa = PBXFrameworksBuildPhase;
			buildActionMask = 2147483647;
			files = (
			);
			runOnlyForDeploymentPostprocessing = 0;
		};
		7CF6EA12239F31E10077DB90 /* Frameworks */ = {
			isa = PBXFrameworksBuildPhase;
			buildActionMask = 2147483647;
			files = (
			);
			runOnlyForDeploymentPostprocessing = 0;
		};
/* End PBXFrameworksBuildPhase section */

/* Begin PBXGroup section */
		01F3DAABE865DC18A10CE99D /* Pods */ = {
			isa = PBXGroup;
			children = (
				A873B45E6FEE4BF7F7C0C130 /* Pods-FYUSDT.debug.xcconfig */,
				2EF533C0DE6E826A069FCF18 /* Pods-FYUSDT.release.xcconfig */,
			);
			path = Pods;
			sourceTree = "<group>";
		};
		7CF6E9EB239F31DF0077DB90 = {
			isa = PBXGroup;
			children = (
				7CF6E9F6239F31DF0077DB90 /* FYUSDT */,
				7CF6EA0D239F31E10077DB90 /* FYUSDTTests */,
				7CF6EA18239F31E10077DB90 /* FYUSDTUITests */,
				7CF6E9F5239F31DF0077DB90 /* Products */,
				01F3DAABE865DC18A10CE99D /* Pods */,
				C377C83B7894F817E8952E1C /* Frameworks */,
			);
			sourceTree = "<group>";
		};
		7CF6E9F5239F31DF0077DB90 /* Products */ = {
			isa = PBXGroup;
			children = (
				7CF6E9F4239F31DF0077DB90 /* FYUSDT.app */,
				7CF6EA0A239F31E10077DB90 /* FYUSDTTests.xctest */,
				7CF6EA15239F31E10077DB90 /* FYUSDTUITests.xctest */,
			);
			name = Products;
			sourceTree = "<group>";
		};
		7CF6E9F6239F31DF0077DB90 /* FYUSDT */ = {
			isa = PBXGroup;
			children = (
				7CF6EA75239F6BE20077DB90 /* Home */,
				7CF6EA70239F6BCD0077DB90 /* RushOrder */,
				7CF6EA6B239F6B7F0077DB90 /* Order */,
				7CF6EA66239F6B660077DB90 /* My */,
				7CF6EA27239F420C0077DB90 /* Tool */,
				7CF6EA35239F488F0077DB90 /* Category */,
				7CF6EA3E239F4AAB0077DB90 /* Resource */,
				7CF6EA64239F4C900077DB90 /* Info.plist */,
				7CF6EA5E239F4C570077DB90 /* LaunchScreen.storyboard */,
				7CF6EA60239F4C570077DB90 /* Main.storyboard */,
			);
			path = FYUSDT;
			sourceTree = "<group>";
		};
		7CF6EA0D239F31E10077DB90 /* FYUSDTTests */ = {
			isa = PBXGroup;
			children = (
				7CF6EA0E239F31E10077DB90 /* FYUSDTTests.swift */,
				7CF6EA10239F31E10077DB90 /* Info.plist */,
			);
			path = FYUSDTTests;
			sourceTree = "<group>";
		};
		7CF6EA18239F31E10077DB90 /* FYUSDTUITests */ = {
			isa = PBXGroup;
			children = (
				7CF6EA19239F31E10077DB90 /* FYUSDTUITests.swift */,
				7CF6EA1B239F31E10077DB90 /* Info.plist */,
			);
			path = FYUSDTUITests;
			sourceTree = "<group>";
		};
		7CF6EA27239F420C0077DB90 /* Tool */ = {
			isa = PBXGroup;
			children = (
				7CF6EA29239F44050077DB90 /* MBProgressHUD+Swift.swift */,
				7CF6EA28239F426F0077DB90 /* FYUSDT-Bridging-Header.h */,
				7CF6EA2B239F444E0077DB90 /* FYTool.swift */,
				7CF6EA31239F46820077DB90 /* FYConfig.swift */,
				7CF6EA33239F47AE0077DB90 /* FYColor.swift */,
				7CF6EAC4239F7A410077DB90 /* FYUrlManager.swift */,
				7CF6EAC6239F7C050077DB90 /* FYRequestManager.swift */,
			);
			path = Tool;
			sourceTree = "<group>";
		};
		7CF6EA35239F488F0077DB90 /* Category */ = {
			isa = PBXGroup;
			children = (
				7CF6EA3A239F49B30077DB90 /* FYUITextField.swift */,
				7CF6EA3C239F49D30077DB90 /* FYButtonLayout.swift */,
			);
			path = Category;
			sourceTree = "<group>";
		};
		7CF6EA3E239F4AAB0077DB90 /* Resource */ = {
			isa = PBXGroup;
			children = (
				7CF6EA3F239F4B300077DB90 /* AppDelegate.swift */,
				7CF6EA40239F4B300077DB90 /* Assets.xcassets */,
				7CF6EA7A239F6E730077DB90 /* FYTabbarVC.swift */,
			);
			path = Resource;
			sourceTree = "<group>";
		};
		7CF6EA66239F6B660077DB90 /* My */ = {
			isa = PBXGroup;
			children = (
				7CF6EA67239F6B660077DB90 /* Controller */,
				7CF6EA69239F6B660077DB90 /* Model */,
				7CF6EA6A239F6B660077DB90 /* View */,
			);
			path = My;
			sourceTree = "<group>";
		};
		7CF6EA67239F6B660077DB90 /* Controller */ = {
			isa = PBXGroup;
			children = (
				7CF6EA82239F6FAA0077DB90 /* FYMyVC.swift */,
			);
			path = Controller;
			sourceTree = "<group>";
		};
		7CF6EA69239F6B660077DB90 /* Model */ = {
			isa = PBXGroup;
			children = (
			);
			path = Model;
			sourceTree = "<group>";
		};
		7CF6EA6A239F6B660077DB90 /* View */ = {
			isa = PBXGroup;
			children = (
			);
			path = View;
			sourceTree = "<group>";
		};
		7CF6EA6B239F6B7F0077DB90 /* Order */ = {
			isa = PBXGroup;
			children = (
				7CF6EA6C239F6B7F0077DB90 /* Controller */,
				7CF6EA6E239F6B7F0077DB90 /* Model */,
				7CF6EA6F239F6B7F0077DB90 /* View */,
			);
			path = Order;
			sourceTree = "<group>";
		};
		7CF6EA6C239F6B7F0077DB90 /* Controller */ = {
			isa = PBXGroup;
			children = (
				7CF6EA80239F6F7D0077DB90 /* FYOrderVC.swift */,
			);
			path = Controller;
			sourceTree = "<group>";
		};
		7CF6EA6E239F6B7F0077DB90 /* Model */ = {
			isa = PBXGroup;
			children = (
			);
			path = Model;
			sourceTree = "<group>";
		};
		7CF6EA6F239F6B7F0077DB90 /* View */ = {
			isa = PBXGroup;
			children = (
			);
			path = View;
			sourceTree = "<group>";
		};
		7CF6EA70239F6BCD0077DB90 /* RushOrder */ = {
			isa = PBXGroup;
			children = (
				7CF6EA71239F6BCD0077DB90 /* Controller */,
				7CF6EA73239F6BCD0077DB90 /* Model */,
				7CF6EA74239F6BCD0077DB90 /* View */,
			);
			path = RushOrder;
			sourceTree = "<group>";
		};
		7CF6EA71239F6BCD0077DB90 /* Controller */ = {
			isa = PBXGroup;
			children = (
				7CF6EA7E239F6F690077DB90 /* FYRushOrderVC.swift */,
			);
			path = Controller;
			sourceTree = "<group>";
		};
		7CF6EA73239F6BCD0077DB90 /* Model */ = {
			isa = PBXGroup;
			children = (
			);
			path = Model;
			sourceTree = "<group>";
		};
		7CF6EA74239F6BCD0077DB90 /* View */ = {
			isa = PBXGroup;
			children = (
			);
			path = View;
			sourceTree = "<group>";
		};
		7CF6EA75239F6BE20077DB90 /* Home */ = {
			isa = PBXGroup;
			children = (
				7CF6EA76239F6BE20077DB90 /* Controller */,
				7CF6EA78239F6BE20077DB90 /* Model */,
				7CF6EA79239F6BE20077DB90 /* View */,
			);
			path = Home;
			sourceTree = "<group>";
		};
		7CF6EA76239F6BE20077DB90 /* Controller */ = {
			isa = PBXGroup;
			children = (
				7CF6EA7C239F6F050077DB90 /* FYHomeVC.swift */,
				7CF6EAC8239F8A970077DB90 /* tsetModel.swift */,
			);
			path = Controller;
			sourceTree = "<group>";
		};
		7CF6EA78239F6BE20077DB90 /* Model */ = {
			isa = PBXGroup;
			children = (
			);
			path = Model;
			sourceTree = "<group>";
		};
		7CF6EA79239F6BE20077DB90 /* View */ = {
			isa = PBXGroup;
			children = (
			);
			path = View;
			sourceTree = "<group>";
		};
		C377C83B7894F817E8952E1C /* Frameworks */ = {
			isa = PBXGroup;
			children = (
				539760C1DB9B81D77A945F6E /* Pods_FYUSDT.framework */,
			);
			name = Frameworks;
			sourceTree = "<group>";
		};
/* End PBXGroup section */

/* Begin PBXNativeTarget section */
		7CF6E9F3239F31DF0077DB90 /* FYUSDT */ = {
			isa = PBXNativeTarget;
			buildConfigurationList = 7CF6EA1E239F31E10077DB90 /* Build configuration list for PBXNativeTarget "FYUSDT" */;
			buildPhases = (
				389712C7A41CBD8E69A60C69 /* [CP] Check Pods Manifest.lock */,
				7CF6E9F0239F31DF0077DB90 /* Sources */,
				7CF6E9F1239F31DF0077DB90 /* Frameworks */,
				7CF6E9F2239F31DF0077DB90 /* Resources */,
				2F3679F507E62D94CE09B38B /* [CP] Embed Pods Frameworks */,
			);
			buildRules = (
			);
			dependencies = (
			);
			name = FYUSDT;
			productName = FYUSDT;
			productReference = 7CF6E9F4239F31DF0077DB90 /* FYUSDT.app */;
			productType = "com.apple.product-type.application";
		};
		7CF6EA09239F31E10077DB90 /* FYUSDTTests */ = {
			isa = PBXNativeTarget;
			buildConfigurationList = 7CF6EA21239F31E10077DB90 /* Build configuration list for PBXNativeTarget "FYUSDTTests" */;
			buildPhases = (
				7CF6EA06239F31E10077DB90 /* Sources */,
				7CF6EA07239F31E10077DB90 /* Frameworks */,
				7CF6EA08239F31E10077DB90 /* Resources */,
			);
			buildRules = (
			);
			dependencies = (
				7CF6EA0C239F31E10077DB90 /* PBXTargetDependency */,
			);
			name = FYUSDTTests;
			productName = FYUSDTTests;
			productReference = 7CF6EA0A239F31E10077DB90 /* FYUSDTTests.xctest */;
			productType = "com.apple.product-type.bundle.unit-test";
		};
		7CF6EA14239F31E10077DB90 /* FYUSDTUITests */ = {
			isa = PBXNativeTarget;
			buildConfigurationList = 7CF6EA24239F31E10077DB90 /* Build configuration list for PBXNativeTarget "FYUSDTUITests" */;
			buildPhases = (
				7CF6EA11239F31E10077DB90 /* Sources */,
				7CF6EA12239F31E10077DB90 /* Frameworks */,
				7CF6EA13239F31E10077DB90 /* Resources */,
			);
			buildRules = (
			);
			dependencies = (
				7CF6EA17239F31E10077DB90 /* PBXTargetDependency */,
			);
			name = FYUSDTUITests;
			productName = FYUSDTUITests;
			productReference = 7CF6EA15239F31E10077DB90 /* FYUSDTUITests.xctest */;
			productType = "com.apple.product-type.bundle.ui-testing";
		};
/* End PBXNativeTarget section */

/* Begin PBXProject section */
		7CF6E9EC239F31DF0077DB90 /* Project object */ = {
			isa = PBXProject;
			attributes = {
				LastSwiftUpdateCheck = 1120;
				LastUpgradeCheck = 1120;
				ORGANIZATIONNAME = "何志武";
				TargetAttributes = {
					7CF6E9F3239F31DF0077DB90 = {
						CreatedOnToolsVersion = 11.2.1;
					};
					7CF6EA09239F31E10077DB90 = {
						CreatedOnToolsVersion = 11.2.1;
						TestTargetID = 7CF6E9F3239F31DF0077DB90;
					};
					7CF6EA14239F31E10077DB90 = {
						CreatedOnToolsVersion = 11.2.1;
						TestTargetID = 7CF6E9F3239F31DF0077DB90;
					};
				};
			};
			buildConfigurationList = 7CF6E9EF239F31DF0077DB90 /* Build configuration list for PBXProject "FYUSDT" */;
			compatibilityVersion = "Xcode 9.3";
			developmentRegion = en;
			hasScannedForEncodings = 0;
			knownRegions = (
				en,
				Base,
			);
			mainGroup = 7CF6E9EB239F31DF0077DB90;
			productRefGroup = 7CF6E9F5239F31DF0077DB90 /* Products */;
			projectDirPath = "";
			projectRoot = "";
			targets = (
				7CF6E9F3239F31DF0077DB90 /* FYUSDT */,
				7CF6EA09239F31E10077DB90 /* FYUSDTTests */,
				7CF6EA14239F31E10077DB90 /* FYUSDTUITests */,
			);
		};
/* End PBXProject section */

/* Begin PBXResourcesBuildPhase section */
		7CF6E9F2239F31DF0077DB90 /* Resources */ = {
			isa = PBXResourcesBuildPhase;
			buildActionMask = 2147483647;
			files = (
				7CF6EA62239F4C570077DB90 /* LaunchScreen.storyboard in Resources */,
				7CF6EA48239F4B300077DB90 /* Assets.xcassets in Resources */,
				7CF6EA63239F4C570077DB90 /* Main.storyboard in Resources */,
			);
			runOnlyForDeploymentPostprocessing = 0;
		};
		7CF6EA08239F31E10077DB90 /* Resources */ = {
			isa = PBXResourcesBuildPhase;
			buildActionMask = 2147483647;
			files = (
			);
			runOnlyForDeploymentPostprocessing = 0;
		};
		7CF6EA13239F31E10077DB90 /* Resources */ = {
			isa = PBXResourcesBuildPhase;
			buildActionMask = 2147483647;
			files = (
			);
			runOnlyForDeploymentPostprocessing = 0;
		};
/* End PBXResourcesBuildPhase section */

/* Begin PBXShellScriptBuildPhase section */
		2F3679F507E62D94CE09B38B /* [CP] Embed Pods Frameworks */ = {
			isa = PBXShellScriptBuildPhase;
			buildActionMask = 2147483647;
			files = (
			);
			inputFileListPaths = (
				"${PODS_ROOT}/Target Support Files/Pods-FYUSDT/Pods-FYUSDT-frameworks-${CONFIGURATION}-input-files.xcfilelist",
			);
			name = "[CP] Embed Pods Frameworks";
			outputFileListPaths = (
				"${PODS_ROOT}/Target Support Files/Pods-FYUSDT/Pods-FYUSDT-frameworks-${CONFIGURATION}-output-files.xcfilelist",
			);
			runOnlyForDeploymentPostprocessing = 0;
			shellPath = /bin/sh;
			shellScript = "\"${PODS_ROOT}/Target Support Files/Pods-FYUSDT/Pods-FYUSDT-frameworks.sh\"\n";
			showEnvVarsInLog = 0;
		};
		389712C7A41CBD8E69A60C69 /* [CP] Check Pods Manifest.lock */ = {
			isa = PBXShellScriptBuildPhase;
			buildActionMask = 2147483647;
			files = (
			);
			inputFileListPaths = (
			);
			inputPaths = (
				"${PODS_PODFILE_DIR_PATH}/Podfile.lock",
				"${PODS_ROOT}/Manifest.lock",
			);
			name = "[CP] Check Pods Manifest.lock";
			outputFileListPaths = (
			);
			outputPaths = (
				"$(DERIVED_FILE_DIR)/Pods-FYUSDT-checkManifestLockResult.txt",
			);
			runOnlyForDeploymentPostprocessing = 0;
			shellPath = /bin/sh;
			shellScript = "diff \"${PODS_PODFILE_DIR_PATH}/Podfile.lock\" \"${PODS_ROOT}/Manifest.lock\" > /dev/null\nif [ $? != 0 ] ; then\n    # print error to STDERR\n    echo \"error: The sandbox is not in sync with the Podfile.lock. Run 'pod install' or update your CocoaPods installation.\" >&2\n    exit 1\nfi\n# This output is used by Xcode 'outputs' to avoid re-running this script phase.\necho \"SUCCESS\" > \"${SCRIPT_OUTPUT_FILE_0}\"\n";
			showEnvVarsInLog = 0;
		};
/* End PBXShellScriptBuildPhase section */

/* Begin PBXSourcesBuildPhase section */
		7CF6E9F0239F31DF0077DB90 /* Sources */ = {
			isa = PBXSourcesBuildPhase;
			buildActionMask = 2147483647;
			files = (
				7CF6EA47239F4B300077DB90 /* AppDelegate.swift in Sources */,
				7CF6EAC5239F7A410077DB90 /* FYUrlManager.swift in Sources */,
				7CF6EAC9239F8A970077DB90 /* tsetModel.swift in Sources */,
				7CF6EA3D239F49D30077DB90 /* FYButtonLayout.swift in Sources */,
				7CF6EA81239F6F7D0077DB90 /* FYOrderVC.swift in Sources */,
				7CF6EA34239F47AE0077DB90 /* FYColor.swift in Sources */,
				7CF6EA2C239F444E0077DB90 /* FYTool.swift in Sources */,
				7CF6EA3B239F49B30077DB90 /* FYUITextField.swift in Sources */,
				7CF6EA2A239F44050077DB90 /* MBProgressHUD+Swift.swift in Sources */,
				7CF6EA7D239F6F050077DB90 /* FYHomeVC.swift in Sources */,
				7CF6EA32239F46820077DB90 /* FYConfig.swift in Sources */,
				7CF6EAC7239F7C050077DB90 /* FYRequestManager.swift in Sources */,
				7CF6EA83239F6FAA0077DB90 /* FYMyVC.swift in Sources */,
				7CF6EA7F239F6F690077DB90 /* FYRushOrderVC.swift in Sources */,
				7CF6EA7B239F6E730077DB90 /* FYTabbarVC.swift in Sources */,
			);
			runOnlyForDeploymentPostprocessing = 0;
		};
		7CF6EA06239F31E10077DB90 /* Sources */ = {
			isa = PBXSourcesBuildPhase;
			buildActionMask = 2147483647;
			files = (
				7CF6EA0F239F31E10077DB90 /* FYUSDTTests.swift in Sources */,
			);
			runOnlyForDeploymentPostprocessing = 0;
		};
		7CF6EA11239F31E10077DB90 /* Sources */ = {
			isa = PBXSourcesBuildPhase;
			buildActionMask = 2147483647;
			files = (
				7CF6EA1A239F31E10077DB90 /* FYUSDTUITests.swift in Sources */,
			);
			runOnlyForDeploymentPostprocessing = 0;
		};
/* End PBXSourcesBuildPhase section */

/* Begin PBXTargetDependency section */
		7CF6EA0C239F31E10077DB90 /* PBXTargetDependency */ = {
			isa = PBXTargetDependency;
			target = 7CF6E9F3239F31DF0077DB90 /* FYUSDT */;
			targetProxy = 7CF6EA0B239F31E10077DB90 /* PBXContainerItemProxy */;
		};
		7CF6EA17239F31E10077DB90 /* PBXTargetDependency */ = {
			isa = PBXTargetDependency;
			target = 7CF6E9F3239F31DF0077DB90 /* FYUSDT */;
			targetProxy = 7CF6EA16239F31E10077DB90 /* PBXContainerItemProxy */;
		};
/* End PBXTargetDependency section */

/* Begin PBXVariantGroup section */
		7CF6EA5E239F4C570077DB90 /* LaunchScreen.storyboard */ = {
			isa = PBXVariantGroup;
			children = (
				7CF6EA5F239F4C570077DB90 /* Base */,
			);
			name = LaunchScreen.storyboard;
			sourceTree = "<group>";
		};
		7CF6EA60239F4C570077DB90 /* Main.storyboard */ = {
			isa = PBXVariantGroup;
			children = (
				7CF6EA61239F4C570077DB90 /* Base */,
			);
			name = Main.storyboard;
			sourceTree = "<group>";
		};
/* End PBXVariantGroup section */

/* Begin XCBuildConfiguration section */
		7CF6EA1C239F31E10077DB90 /* Debug */ = {
			isa = XCBuildConfiguration;
			buildSettings = {
				ALWAYS_SEARCH_USER_PATHS = NO;
				CLANG_ANALYZER_NONNULL = YES;
				CLANG_ANALYZER_NUMBER_OBJECT_CONVERSION = YES_AGGRESSIVE;
				CLANG_CXX_LANGUAGE_STANDARD = "gnu++14";
				CLANG_CXX_LIBRARY = "libc++";
				CLANG_ENABLE_MODULES = YES;
				CLANG_ENABLE_OBJC_ARC = YES;
				CLANG_ENABLE_OBJC_WEAK = YES;
				CLANG_WARN_BLOCK_CAPTURE_AUTORELEASING = YES;
				CLANG_WARN_BOOL_CONVERSION = YES;
				CLANG_WARN_COMMA = YES;
				CLANG_WARN_CONSTANT_CONVERSION = YES;
				CLANG_WARN_DEPRECATED_OBJC_IMPLEMENTATIONS = YES;
				CLANG_WARN_DIRECT_OBJC_ISA_USAGE = YES_ERROR;
				CLANG_WARN_DOCUMENTATION_COMMENTS = YES;
				CLANG_WARN_EMPTY_BODY = YES;
				CLANG_WARN_ENUM_CONVERSION = YES;
				CLANG_WARN_INFINITE_RECURSION = YES;
				CLANG_WARN_INT_CONVERSION = YES;
				CLANG_WARN_NON_LITERAL_NULL_CONVERSION = YES;
				CLANG_WARN_OBJC_IMPLICIT_RETAIN_SELF = YES;
				CLANG_WARN_OBJC_LITERAL_CONVERSION = YES;
				CLANG_WARN_OBJC_ROOT_CLASS = YES_ERROR;
				CLANG_WARN_RANGE_LOOP_ANALYSIS = YES;
				CLANG_WARN_STRICT_PROTOTYPES = YES;
				CLANG_WARN_SUSPICIOUS_MOVE = YES;
				CLANG_WARN_UNGUARDED_AVAILABILITY = YES_AGGRESSIVE;
				CLANG_WARN_UNREACHABLE_CODE = YES;
				CLANG_WARN__DUPLICATE_METHOD_MATCH = YES;
				COPY_PHASE_STRIP = NO;
				DEBUG_INFORMATION_FORMAT = dwarf;
				ENABLE_STRICT_OBJC_MSGSEND = YES;
				ENABLE_TESTABILITY = YES;
				GCC_C_LANGUAGE_STANDARD = gnu11;
				GCC_DYNAMIC_NO_PIC = NO;
				GCC_NO_COMMON_BLOCKS = YES;
				GCC_OPTIMIZATION_LEVEL = 0;
				GCC_PREPROCESSOR_DEFINITIONS = (
					"DEBUG=1",
					"$(inherited)",
				);
				GCC_WARN_64_TO_32_BIT_CONVERSION = YES;
				GCC_WARN_ABOUT_RETURN_TYPE = YES_ERROR;
				GCC_WARN_UNDECLARED_SELECTOR = YES;
				GCC_WARN_UNINITIALIZED_AUTOS = YES_AGGRESSIVE;
				GCC_WARN_UNUSED_FUNCTION = YES;
				GCC_WARN_UNUSED_VARIABLE = YES;
				IPHONEOS_DEPLOYMENT_TARGET = 13.2;
				MTL_ENABLE_DEBUG_INFO = INCLUDE_SOURCE;
				MTL_FAST_MATH = YES;
				ONLY_ACTIVE_ARCH = YES;
				SDKROOT = iphoneos;
				SWIFT_ACTIVE_COMPILATION_CONDITIONS = DEBUG;
				SWIFT_OPTIMIZATION_LEVEL = "-Onone";
			};
			name = Debug;
		};
		7CF6EA1D239F31E10077DB90 /* Release */ = {
			isa = XCBuildConfiguration;
			buildSettings = {
				ALWAYS_SEARCH_USER_PATHS = NO;
				CLANG_ANALYZER_NONNULL = YES;
				CLANG_ANALYZER_NUMBER_OBJECT_CONVERSION = YES_AGGRESSIVE;
				CLANG_CXX_LANGUAGE_STANDARD = "gnu++14";
				CLANG_CXX_LIBRARY = "libc++";
				CLANG_ENABLE_MODULES = YES;
				CLANG_ENABLE_OBJC_ARC = YES;
				CLANG_ENABLE_OBJC_WEAK = YES;
				CLANG_WARN_BLOCK_CAPTURE_AUTORELEASING = YES;
				CLANG_WARN_BOOL_CONVERSION = YES;
				CLANG_WARN_COMMA = YES;
				CLANG_WARN_CONSTANT_CONVERSION = YES;
				CLANG_WARN_DEPRECATED_OBJC_IMPLEMENTATIONS = YES;
				CLANG_WARN_DIRECT_OBJC_ISA_USAGE = YES_ERROR;
				CLANG_WARN_DOCUMENTATION_COMMENTS = YES;
				CLANG_WARN_EMPTY_BODY = YES;
				CLANG_WARN_ENUM_CONVERSION = YES;
				CLANG_WARN_INFINITE_RECURSION = YES;
				CLANG_WARN_INT_CONVERSION = YES;
				CLANG_WARN_NON_LITERAL_NULL_CONVERSION = YES;
				CLANG_WARN_OBJC_IMPLICIT_RETAIN_SELF = YES;
				CLANG_WARN_OBJC_LITERAL_CONVERSION = YES;
				CLANG_WARN_OBJC_ROOT_CLASS = YES_ERROR;
				CLANG_WARN_RANGE_LOOP_ANALYSIS = YES;
				CLANG_WARN_STRICT_PROTOTYPES = YES;
				CLANG_WARN_SUSPICIOUS_MOVE = YES;
				CLANG_WARN_UNGUARDED_AVAILABILITY = YES_AGGRESSIVE;
				CLANG_WARN_UNREACHABLE_CODE = YES;
				CLANG_WARN__DUPLICATE_METHOD_MATCH = YES;
				COPY_PHASE_STRIP = NO;
				DEBUG_INFORMATION_FORMAT = "dwarf-with-dsym";
				ENABLE_NS_ASSERTIONS = NO;
				ENABLE_STRICT_OBJC_MSGSEND = YES;
				GCC_C_LANGUAGE_STANDARD = gnu11;
				GCC_NO_COMMON_BLOCKS = YES;
				GCC_WARN_64_TO_32_BIT_CONVERSION = YES;
				GCC_WARN_ABOUT_RETURN_TYPE = YES_ERROR;
				GCC_WARN_UNDECLARED_SELECTOR = YES;
				GCC_WARN_UNINITIALIZED_AUTOS = YES_AGGRESSIVE;
				GCC_WARN_UNUSED_FUNCTION = YES;
				GCC_WARN_UNUSED_VARIABLE = YES;
				IPHONEOS_DEPLOYMENT_TARGET = 13.2;
				MTL_ENABLE_DEBUG_INFO = NO;
				MTL_FAST_MATH = YES;
				SDKROOT = iphoneos;
				SWIFT_COMPILATION_MODE = wholemodule;
				SWIFT_OPTIMIZATION_LEVEL = "-O";
				VALIDATE_PRODUCT = YES;
			};
			name = Release;
		};
		7CF6EA1F239F31E10077DB90 /* Debug */ = {
			isa = XCBuildConfiguration;
			baseConfigurationReference = A873B45E6FEE4BF7F7C0C130 /* Pods-FYUSDT.debug.xcconfig */;
			buildSettings = {
				ASSETCATALOG_COMPILER_APPICON_NAME = AppIcon;
				CODE_SIGN_STYLE = Automatic;
				DEVELOPMENT_TEAM = DX354Z32QS;
				INFOPLIST_FILE = FYUSDT/Info.plist;
				IPHONEOS_DEPLOYMENT_TARGET = 9.0;
				LD_RUNPATH_SEARCH_PATHS = (
					"$(inherited)",
					"@executable_path/Frameworks",
				);
				PRODUCT_BUNDLE_IDENTIFIER = com.news.usdtwallet;
				PRODUCT_NAME = "$(TARGET_NAME)";
				SWIFT_OBJC_BRIDGING_HEADER = "$(SRCROOT)/$(PROJECT_NAME)/Tool/FYUSDT-Bridging-Header.h";
				SWIFT_VERSION = 5.0;
				TARGETED_DEVICE_FAMILY = 1;
			};
			name = Debug;
		};
		7CF6EA20239F31E10077DB90 /* Release */ = {
			isa = XCBuildConfiguration;
			baseConfigurationReference = 2EF533C0DE6E826A069FCF18 /* Pods-FYUSDT.release.xcconfig */;
			buildSettings = {
				ASSETCATALOG_COMPILER_APPICON_NAME = AppIcon;
				CODE_SIGN_STYLE = Automatic;
				DEVELOPMENT_TEAM = DX354Z32QS;
				INFOPLIST_FILE = FYUSDT/Info.plist;
				IPHONEOS_DEPLOYMENT_TARGET = 9.0;
				LD_RUNPATH_SEARCH_PATHS = (
					"$(inherited)",
					"@executable_path/Frameworks",
				);
				PRODUCT_BUNDLE_IDENTIFIER = com.news.usdtwallet;
				PRODUCT_NAME = "$(TARGET_NAME)";
				SWIFT_OBJC_BRIDGING_HEADER = "$(SRCROOT)/$(PROJECT_NAME)/Tool/FYUSDT-Bridging-Header.h";
				SWIFT_VERSION = 5.0;
				TARGETED_DEVICE_FAMILY = 1;
			};
			name = Release;
		};
		7CF6EA22239F31E10077DB90 /* Debug */ = {
			isa = XCBuildConfiguration;
			buildSettings = {
				ALWAYS_EMBED_SWIFT_STANDARD_LIBRARIES = YES;
				BUNDLE_LOADER = "$(TEST_HOST)";
				CODE_SIGN_STYLE = Automatic;
				INFOPLIST_FILE = FYUSDTTests/Info.plist;
				IPHONEOS_DEPLOYMENT_TARGET = 13.2;
				LD_RUNPATH_SEARCH_PATHS = (
					"$(inherited)",
					"@executable_path/Frameworks",
					"@loader_path/Frameworks",
				);
				PRODUCT_BUNDLE_IDENTIFIER = com.news.usdtwallet.FYUSDTTests;
				PRODUCT_NAME = "$(TARGET_NAME)";
				SWIFT_VERSION = 5.0;
				TARGETED_DEVICE_FAMILY = "1,2";
				TEST_HOST = "$(BUILT_PRODUCTS_DIR)/FYUSDT.app/FYUSDT";
			};
			name = Debug;
		};
		7CF6EA23239F31E10077DB90 /* Release */ = {
			isa = XCBuildConfiguration;
			buildSettings = {
				ALWAYS_EMBED_SWIFT_STANDARD_LIBRARIES = YES;
				BUNDLE_LOADER = "$(TEST_HOST)";
				CODE_SIGN_STYLE = Automatic;
				INFOPLIST_FILE = FYUSDTTests/Info.plist;
				IPHONEOS_DEPLOYMENT_TARGET = 13.2;
				LD_RUNPATH_SEARCH_PATHS = (
					"$(inherited)",
					"@executable_path/Frameworks",
					"@loader_path/Frameworks",
				);
				PRODUCT_BUNDLE_IDENTIFIER = com.news.usdtwallet.FYUSDTTests;
				PRODUCT_NAME = "$(TARGET_NAME)";
				SWIFT_VERSION = 5.0;
				TARGETED_DEVICE_FAMILY = "1,2";
				TEST_HOST = "$(BUILT_PRODUCTS_DIR)/FYUSDT.app/FYUSDT";
			};
			name = Release;
		};
		7CF6EA25239F31E10077DB90 /* Debug */ = {
			isa = XCBuildConfiguration;
			buildSettings = {
				ALWAYS_EMBED_SWIFT_STANDARD_LIBRARIES = YES;
				CODE_SIGN_STYLE = Automatic;
				INFOPLIST_FILE = FYUSDTUITests/Info.plist;
				LD_RUNPATH_SEARCH_PATHS = (
					"$(inherited)",
					"@executable_path/Frameworks",
					"@loader_path/Frameworks",
				);
				PRODUCT_BUNDLE_IDENTIFIER = com.news.usdtwallet.FYUSDTUITests;
				PRODUCT_NAME = "$(TARGET_NAME)";
				SWIFT_VERSION = 5.0;
				TARGETED_DEVICE_FAMILY = "1,2";
				TEST_TARGET_NAME = FYUSDT;
			};
			name = Debug;
		};
		7CF6EA26239F31E10077DB90 /* Release */ = {
			isa = XCBuildConfiguration;
			buildSettings = {
				ALWAYS_EMBED_SWIFT_STANDARD_LIBRARIES = YES;
				CODE_SIGN_STYLE = Automatic;
				INFOPLIST_FILE = FYUSDTUITests/Info.plist;
				LD_RUNPATH_SEARCH_PATHS = (
					"$(inherited)",
					"@executable_path/Frameworks",
					"@loader_path/Frameworks",
				);
				PRODUCT_BUNDLE_IDENTIFIER = com.news.usdtwallet.FYUSDTUITests;
				PRODUCT_NAME = "$(TARGET_NAME)";
				SWIFT_VERSION = 5.0;
				TARGETED_DEVICE_FAMILY = "1,2";
				TEST_TARGET_NAME = FYUSDT;
			};
			name = Release;
		};
/* End XCBuildConfiguration section */

/* Begin XCConfigurationList section */
		7CF6E9EF239F31DF0077DB90 /* Build configuration list for PBXProject "FYUSDT" */ = {
			isa = XCConfigurationList;
			buildConfigurations = (
				7CF6EA1C239F31E10077DB90 /* Debug */,
				7CF6EA1D239F31E10077DB90 /* Release */,
			);
			defaultConfigurationIsVisible = 0;
			defaultConfigurationName = Release;
		};
		7CF6EA1E239F31E10077DB90 /* Build configuration list for PBXNativeTarget "FYUSDT" */ = {
			isa = XCConfigurationList;
			buildConfigurations = (
				7CF6EA1F239F31E10077DB90 /* Debug */,
				7CF6EA20239F31E10077DB90 /* Release */,
			);
			defaultConfigurationIsVisible = 0;
			defaultConfigurationName = Release;
		};
		7CF6EA21239F31E10077DB90 /* Build configuration list for PBXNativeTarget "FYUSDTTests" */ = {
			isa = XCConfigurationList;
			buildConfigurations = (
				7CF6EA22239F31E10077DB90 /* Debug */,
				7CF6EA23239F31E10077DB90 /* Release */,
			);
			defaultConfigurationIsVisible = 0;
			defaultConfigurationName = Release;
		};
		7CF6EA24239F31E10077DB90 /* Build configuration list for PBXNativeTarget "FYUSDTUITests" */ = {
			isa = XCConfigurationList;
			buildConfigurations = (
				7CF6EA25239F31E10077DB90 /* Debug */,
				7CF6EA26239F31E10077DB90 /* Release */,
			);
			defaultConfigurationIsVisible = 0;
			defaultConfigurationName = Release;
		};
/* End XCConfigurationList section */
	};
	rootObject = 7CF6E9EC239F31DF0077DB90 /* Project object */;
}
